// !$*UTF8*$!
{
	archiveVersion = 1;
	classes = {
	};
	objectVersion = 56;
	objects = {

/* Begin PBXBuildFile section */
		7C0ADCAF2BC9203D002DAEA7 /* UserJoinRequest.swift in Sources */ = {isa = PBXBuildFile; fileRef = 7C0ADCAE2BC9203D002DAEA7 /* UserJoinRequest.swift */; };
		7C0ADCB12BC92067002DAEA7 /* UserJoinResponse.swift in Sources */ = {isa = PBXBuildFile; fileRef = 7C0ADCB02BC92067002DAEA7 /* UserJoinResponse.swift */; };
		7C0ADCB32BC92077002DAEA7 /* UserJoinEmailValidationRequest.swift in Sources */ = {isa = PBXBuildFile; fileRef = 7C0ADCB22BC92077002DAEA7 /* UserJoinEmailValidationRequest.swift */; };
		7C0ADCB52BC92090002DAEA7 /* UserJoinEmailValidationResponse.swift in Sources */ = {isa = PBXBuildFile; fileRef = 7C0ADCB42BC92090002DAEA7 /* UserJoinEmailValidationResponse.swift */; };
		7C0ADCB72BC920A2002DAEA7 /* LoginRequest.swift in Sources */ = {isa = PBXBuildFile; fileRef = 7C0ADCB62BC920A2002DAEA7 /* LoginRequest.swift */; };
		7C0ADCB92BC920B4002DAEA7 /* LoginResponse.swift in Sources */ = {isa = PBXBuildFile; fileRef = 7C0ADCB82BC920B4002DAEA7 /* LoginResponse.swift */; };
		7C0ADCBB2BC920CC002DAEA7 /* RefreshTokenResponse.swift in Sources */ = {isa = PBXBuildFile; fileRef = 7C0ADCBA2BC920CC002DAEA7 /* RefreshTokenResponse.swift */; };
		7C0ADCC32BC92183002DAEA7 /* PostsRouter.swift in Sources */ = {isa = PBXBuildFile; fileRef = 7C0ADCC22BC92183002DAEA7 /* PostsRouter.swift */; };
		7C0ADCC62BC92647002DAEA7 /* PostsAPIManager.swift in Sources */ = {isa = PBXBuildFile; fileRef = 7C0ADCC52BC92647002DAEA7 /* PostsAPIManager.swift */; };
		7C0ADCC92BC92B52002DAEA7 /* UploadImageDatasQuery.swift in Sources */ = {isa = PBXBuildFile; fileRef = 7C0ADCC82BC92B52002DAEA7 /* UploadImageDatasQuery.swift */; };
		7C0ADCCC2BC92B76002DAEA7 /* UploadImageResponse.swift in Sources */ = {isa = PBXBuildFile; fileRef = 7C0ADCCB2BC92B76002DAEA7 /* UploadImageResponse.swift */; };
		7C0ADCCE2BC92B85002DAEA7 /* UploadContentResponse.swift in Sources */ = {isa = PBXBuildFile; fileRef = 7C0ADCCD2BC92B85002DAEA7 /* UploadContentResponse.swift */; };
		7C0ADCD02BC92BA9002DAEA7 /* UploadContentQuery.swift in Sources */ = {isa = PBXBuildFile; fileRef = 7C0ADCCF2BC92BA9002DAEA7 /* UploadContentQuery.swift */; };
		7C0ADCD22BC93923002DAEA7 /* TokenInterceptor.swift in Sources */ = {isa = PBXBuildFile; fileRef = 7C0ADCD12BC93923002DAEA7 /* TokenInterceptor.swift */; };
		7C18EC932BC677F900F061DE /* AppDelegate.swift in Sources */ = {isa = PBXBuildFile; fileRef = 7C18EC922BC677F900F061DE /* AppDelegate.swift */; };
		7C18EC952BC677F900F061DE /* SceneDelegate.swift in Sources */ = {isa = PBXBuildFile; fileRef = 7C18EC942BC677F900F061DE /* SceneDelegate.swift */; };
		7C18EC972BC677F900F061DE /* ViewController.swift in Sources */ = {isa = PBXBuildFile; fileRef = 7C18EC962BC677F900F061DE /* ViewController.swift */; };
		7C18EC9C2BC677FA00F061DE /* Assets.xcassets in Resources */ = {isa = PBXBuildFile; fileRef = 7C18EC9B2BC677FA00F061DE /* Assets.xcassets */; };
		7C18EC9F2BC677FA00F061DE /* Base in Resources */ = {isa = PBXBuildFile; fileRef = 7C18EC9E2BC677FA00F061DE /* Base */; };
		7C18ECA82BC6790600F061DE /* RxCocoa in Frameworks */ = {isa = PBXBuildFile; productRef = 7C18ECA72BC6790600F061DE /* RxCocoa */; };
		7C18ECAA2BC6790600F061DE /* RxSwift in Frameworks */ = {isa = PBXBuildFile; productRef = 7C18ECA92BC6790600F061DE /* RxSwift */; };
		7C18ECAD2BC6792600F061DE /* Moya in Frameworks */ = {isa = PBXBuildFile; productRef = 7C18ECAC2BC6792600F061DE /* Moya */; };
		7C18ECAF2BC6792600F061DE /* RxMoya in Frameworks */ = {isa = PBXBuildFile; productRef = 7C18ECAE2BC6792600F061DE /* RxMoya */; };
		7C18ECB82BC6799300F061DE /* RxBaseViewController.swift in Sources */ = {isa = PBXBuildFile; fileRef = 7C18ECB72BC6799300F061DE /* RxBaseViewController.swift */; };
		7C18ECBB2BC679AA00F061DE /* UserAPIManager.swift in Sources */ = {isa = PBXBuildFile; fileRef = 7C18ECBA2BC679AA00F061DE /* UserAPIManager.swift */; };
		7C18ECBE2BC679DD00F061DE /* Then+.swift in Sources */ = {isa = PBXBuildFile; fileRef = 7C18ECBD2BC679DD00F061DE /* Then+.swift */; };
		7C18ECC42BC67EC200F061DE /* UIView+.swift in Sources */ = {isa = PBXBuildFile; fileRef = 7C18ECC32BC67EC200F061DE /* UIView+.swift */; };
		7C18ECC72BC6978500F061DE /* BaseView.swift in Sources */ = {isa = PBXBuildFile; fileRef = 7C18ECC62BC6978500F061DE /* BaseView.swift */; };
		7C18ECCB2BC697BF00F061DE /* BaseCollectionViewCell.swift in Sources */ = {isa = PBXBuildFile; fileRef = 7C18ECCA2BC697BF00F061DE /* BaseCollectionViewCell.swift */; };
		7C18ECD12BC6982000F061DE /* ViewModelProtocol.swift in Sources */ = {isa = PBXBuildFile; fileRef = 7C18ECD02BC6982000F061DE /* ViewModelProtocol.swift */; };
		7C18ECD62BC698A800F061DE /* UserDefaultsManager.swift in Sources */ = {isa = PBXBuildFile; fileRef = 7C18ECD52BC698A800F061DE /* UserDefaultsManager.swift */; };
		7C18ECDB2BC6990E00F061DE /* SnapKit in Frameworks */ = {isa = PBXBuildFile; productRef = 7C18ECDA2BC6990E00F061DE /* SnapKit */; };
		7C18ECDE2BC6991B00F061DE /* Kingfisher in Frameworks */ = {isa = PBXBuildFile; productRef = 7C18ECDD2BC6991B00F061DE /* Kingfisher */; };
		7C18ECE42BC6998400F061DE /* UserRouter.swift in Sources */ = {isa = PBXBuildFile; fileRef = 7C18ECE32BC6998400F061DE /* UserRouter.swift */; };
		7C18ECE62BC699D300F061DE /* Coordinator.swift in Sources */ = {isa = PBXBuildFile; fileRef = 7C18ECE52BC699D300F061DE /* Coordinator.swift */; };
		7C18ECE92BC69A6E00F061DE /* AlertBuilder.swift in Sources */ = {isa = PBXBuildFile; fileRef = 7C18ECE82BC69A6E00F061DE /* AlertBuilder.swift */; };
		7C18ECED2BC7F01400F061DE /* .gitignore in Resources */ = {isa = PBXBuildFile; fileRef = 7C18ECEC2BC7F01400F061DE /* .gitignore */; };
		7C18ECEF2BC7F04100F061DE /* APIKey.swift in Sources */ = {isa = PBXBuildFile; fileRef = 7C18ECEE2BC7F04100F061DE /* APIKey.swift */; };
		7C18ECF12BC7F11B00F061DE /* HTTPHeader.swift in Sources */ = {isa = PBXBuildFile; fileRef = 7C18ECF02BC7F11B00F061DE /* HTTPHeader.swift */; };
		7C18ECF32BC7F57A00F061DE /* UserToken.swift in Sources */ = {isa = PBXBuildFile; fileRef = 7C18ECF22BC7F57A00F061DE /* UserToken.swift */; };
		7C18ECFB2BC7FB7400F061DE /* WithdrawResponse.swift in Sources */ = {isa = PBXBuildFile; fileRef = 7C18ECFA2BC7FB7400F061DE /* WithdrawResponse.swift */; };
		7C18ECFD2BC8056600F061DE /* LoginViewController.swift in Sources */ = {isa = PBXBuildFile; fileRef = 7C18ECFC2BC8056600F061DE /* LoginViewController.swift */; };
/* End PBXBuildFile section */

/* Begin PBXFileReference section */
		7C0ADCAE2BC9203D002DAEA7 /* UserJoinRequest.swift */ = {isa = PBXFileReference; lastKnownFileType = sourcecode.swift; path = UserJoinRequest.swift; sourceTree = "<group>"; };
		7C0ADCB02BC92067002DAEA7 /* UserJoinResponse.swift */ = {isa = PBXFileReference; lastKnownFileType = sourcecode.swift; path = UserJoinResponse.swift; sourceTree = "<group>"; };
		7C0ADCB22BC92077002DAEA7 /* UserJoinEmailValidationRequest.swift */ = {isa = PBXFileReference; lastKnownFileType = sourcecode.swift; path = UserJoinEmailValidationRequest.swift; sourceTree = "<group>"; };
		7C0ADCB42BC92090002DAEA7 /* UserJoinEmailValidationResponse.swift */ = {isa = PBXFileReference; lastKnownFileType = sourcecode.swift; path = UserJoinEmailValidationResponse.swift; sourceTree = "<group>"; };
		7C0ADCB62BC920A2002DAEA7 /* LoginRequest.swift */ = {isa = PBXFileReference; lastKnownFileType = sourcecode.swift; path = LoginRequest.swift; sourceTree = "<group>"; };
		7C0ADCB82BC920B4002DAEA7 /* LoginResponse.swift */ = {isa = PBXFileReference; lastKnownFileType = sourcecode.swift; path = LoginResponse.swift; sourceTree = "<group>"; };
		7C0ADCBA2BC920CC002DAEA7 /* RefreshTokenResponse.swift */ = {isa = PBXFileReference; lastKnownFileType = sourcecode.swift; path = RefreshTokenResponse.swift; sourceTree = "<group>"; };
		7C0ADCC22BC92183002DAEA7 /* PostsRouter.swift */ = {isa = PBXFileReference; lastKnownFileType = sourcecode.swift; path = PostsRouter.swift; sourceTree = "<group>"; };
		7C0ADCC52BC92647002DAEA7 /* PostsAPIManager.swift */ = {isa = PBXFileReference; lastKnownFileType = sourcecode.swift; path = PostsAPIManager.swift; sourceTree = "<group>"; };
		7C0ADCC82BC92B52002DAEA7 /* UploadImageDatasQuery.swift */ = {isa = PBXFileReference; lastKnownFileType = sourcecode.swift; path = UploadImageDatasQuery.swift; sourceTree = "<group>"; };
		7C0ADCCB2BC92B76002DAEA7 /* UploadImageResponse.swift */ = {isa = PBXFileReference; lastKnownFileType = sourcecode.swift; path = UploadImageResponse.swift; sourceTree = "<group>"; };
		7C0ADCCD2BC92B85002DAEA7 /* UploadContentResponse.swift */ = {isa = PBXFileReference; lastKnownFileType = sourcecode.swift; path = UploadContentResponse.swift; sourceTree = "<group>"; };
		7C0ADCCF2BC92BA9002DAEA7 /* UploadContentQuery.swift */ = {isa = PBXFileReference; lastKnownFileType = sourcecode.swift; path = UploadContentQuery.swift; sourceTree = "<group>"; };
		7C0ADCD12BC93923002DAEA7 /* TokenInterceptor.swift */ = {isa = PBXFileReference; lastKnownFileType = sourcecode.swift; path = TokenInterceptor.swift; sourceTree = "<group>"; };
		7C18EC8F2BC677F900F061DE /* SangbooSangzo.app */ = {isa = PBXFileReference; explicitFileType = wrapper.application; includeInIndex = 0; path = SangbooSangzo.app; sourceTree = BUILT_PRODUCTS_DIR; };
		7C18EC922BC677F900F061DE /* AppDelegate.swift */ = {isa = PBXFileReference; lastKnownFileType = sourcecode.swift; path = AppDelegate.swift; sourceTree = "<group>"; };
		7C18EC942BC677F900F061DE /* SceneDelegate.swift */ = {isa = PBXFileReference; lastKnownFileType = sourcecode.swift; path = SceneDelegate.swift; sourceTree = "<group>"; };
		7C18EC962BC677F900F061DE /* ViewController.swift */ = {isa = PBXFileReference; lastKnownFileType = sourcecode.swift; path = ViewController.swift; sourceTree = "<group>"; };
		7C18EC9B2BC677FA00F061DE /* Assets.xcassets */ = {isa = PBXFileReference; lastKnownFileType = folder.assetcatalog; path = Assets.xcassets; sourceTree = "<group>"; };
		7C18EC9E2BC677FA00F061DE /* Base */ = {isa = PBXFileReference; lastKnownFileType = file.storyboard; name = Base; path = Base.lproj/LaunchScreen.storyboard; sourceTree = "<group>"; };
		7C18ECA02BC677FA00F061DE /* Info.plist */ = {isa = PBXFileReference; lastKnownFileType = text.plist.xml; path = Info.plist; sourceTree = "<group>"; };
		7C18ECB72BC6799300F061DE /* RxBaseViewController.swift */ = {isa = PBXFileReference; lastKnownFileType = sourcecode.swift; path = RxBaseViewController.swift; sourceTree = "<group>"; };
		7C18ECBA2BC679AA00F061DE /* UserAPIManager.swift */ = {isa = PBXFileReference; lastKnownFileType = sourcecode.swift; path = UserAPIManager.swift; sourceTree = "<group>"; };
		7C18ECBD2BC679DD00F061DE /* Then+.swift */ = {isa = PBXFileReference; lastKnownFileType = sourcecode.swift; path = "Then+.swift"; sourceTree = "<group>"; };
		7C18ECC32BC67EC200F061DE /* UIView+.swift */ = {isa = PBXFileReference; lastKnownFileType = sourcecode.swift; path = "UIView+.swift"; sourceTree = "<group>"; };
		7C18ECC62BC6978500F061DE /* BaseView.swift */ = {isa = PBXFileReference; lastKnownFileType = sourcecode.swift; path = BaseView.swift; sourceTree = "<group>"; };
		7C18ECCA2BC697BF00F061DE /* BaseCollectionViewCell.swift */ = {isa = PBXFileReference; lastKnownFileType = sourcecode.swift; path = BaseCollectionViewCell.swift; sourceTree = "<group>"; };
		7C18ECD02BC6982000F061DE /* ViewModelProtocol.swift */ = {isa = PBXFileReference; lastKnownFileType = sourcecode.swift; path = ViewModelProtocol.swift; sourceTree = "<group>"; };
		7C18ECD52BC698A800F061DE /* UserDefaultsManager.swift */ = {isa = PBXFileReference; lastKnownFileType = sourcecode.swift; path = UserDefaultsManager.swift; sourceTree = "<group>"; };
		7C18ECE32BC6998400F061DE /* UserRouter.swift */ = {isa = PBXFileReference; lastKnownFileType = sourcecode.swift; path = UserRouter.swift; sourceTree = "<group>"; };
		7C18ECE52BC699D300F061DE /* Coordinator.swift */ = {isa = PBXFileReference; lastKnownFileType = sourcecode.swift; path = Coordinator.swift; sourceTree = "<group>"; };
		7C18ECE82BC69A6E00F061DE /* AlertBuilder.swift */ = {isa = PBXFileReference; lastKnownFileType = sourcecode.swift; path = AlertBuilder.swift; sourceTree = "<group>"; };
		7C18ECEC2BC7F01400F061DE /* .gitignore */ = {isa = PBXFileReference; lastKnownFileType = text; path = .gitignore; sourceTree = "<group>"; };
		7C18ECEE2BC7F04100F061DE /* APIKey.swift */ = {isa = PBXFileReference; lastKnownFileType = sourcecode.swift; path = APIKey.swift; sourceTree = "<group>"; };
		7C18ECF02BC7F11B00F061DE /* HTTPHeader.swift */ = {isa = PBXFileReference; lastKnownFileType = sourcecode.swift; path = HTTPHeader.swift; sourceTree = "<group>"; };
		7C18ECF22BC7F57A00F061DE /* UserToken.swift */ = {isa = PBXFileReference; lastKnownFileType = sourcecode.swift; path = UserToken.swift; sourceTree = "<group>"; };
		7C18ECFA2BC7FB7400F061DE /* WithdrawResponse.swift */ = {isa = PBXFileReference; lastKnownFileType = sourcecode.swift; path = WithdrawResponse.swift; sourceTree = "<group>"; };
		7C18ECFC2BC8056600F061DE /* LoginViewController.swift */ = {isa = PBXFileReference; lastKnownFileType = sourcecode.swift; path = LoginViewController.swift; sourceTree = "<group>"; };
/* End PBXFileReference section */

/* Begin PBXFrameworksBuildPhase section */
		7C18EC8C2BC677F900F061DE /* Frameworks */ = {
			isa = PBXFrameworksBuildPhase;
			buildActionMask = 2147483647;
			files = (
				7C18ECDE2BC6991B00F061DE /* Kingfisher in Frameworks */,
				7C18ECAA2BC6790600F061DE /* RxSwift in Frameworks */,
				7C18ECA82BC6790600F061DE /* RxCocoa in Frameworks */,
				7C18ECAF2BC6792600F061DE /* RxMoya in Frameworks */,
				7C18ECAD2BC6792600F061DE /* Moya in Frameworks */,
				7C18ECDB2BC6990E00F061DE /* SnapKit in Frameworks */,
			);
			runOnlyForDeploymentPostprocessing = 0;
		};
/* End PBXFrameworksBuildPhase section */

/* Begin PBXGroup section */
		7C0ADCA92BC91FE8002DAEA7 /* Request */ = {
			isa = PBXGroup;
			children = (
				7C0ADCC72BC92B3A002DAEA7 /* UploadPosts */,
				7C0ADCBC2BC92124002DAEA7 /* Join */,
				7C0ADCBD2BC92128002DAEA7 /* Login */,
			);
			path = Request;
			sourceTree = "<group>";
		};
		7C0ADCAA2BC91FEF002DAEA7 /* Response */ = {
			isa = PBXGroup;
			children = (
				7C0ADCCA2BC92B63002DAEA7 /* UploadPosts */,
				7C0ADCBE2BC92133002DAEA7 /* Join */,
				7C0ADCBF2BC92136002DAEA7 /* Login */,
				7C0ADCC12BC9214D002DAEA7 /* RefreshToken */,
				7C0ADCC02BC9213F002DAEA7 /* Withdraw */,
			);
			path = Response;
			sourceTree = "<group>";
		};
		7C0ADCAC2BC9200A002DAEA7 /* Router */ = {
			isa = PBXGroup;
			children = (
				7C18ECE32BC6998400F061DE /* UserRouter.swift */,
				7C0ADCC22BC92183002DAEA7 /* PostsRouter.swift */,
			);
			path = Router;
			sourceTree = "<group>";
		};
		7C0ADCBC2BC92124002DAEA7 /* Join */ = {
			isa = PBXGroup;
			children = (
				7C0ADCAE2BC9203D002DAEA7 /* UserJoinRequest.swift */,
				7C0ADCB22BC92077002DAEA7 /* UserJoinEmailValidationRequest.swift */,
			);
			path = Join;
			sourceTree = "<group>";
		};
		7C0ADCBD2BC92128002DAEA7 /* Login */ = {
			isa = PBXGroup;
			children = (
				7C0ADCB62BC920A2002DAEA7 /* LoginRequest.swift */,
			);
			path = Login;
			sourceTree = "<group>";
		};
		7C0ADCBE2BC92133002DAEA7 /* Join */ = {
			isa = PBXGroup;
			children = (
				7C0ADCB02BC92067002DAEA7 /* UserJoinResponse.swift */,
				7C0ADCB42BC92090002DAEA7 /* UserJoinEmailValidationResponse.swift */,
			);
			path = Join;
			sourceTree = "<group>";
		};
		7C0ADCBF2BC92136002DAEA7 /* Login */ = {
			isa = PBXGroup;
			children = (
				7C0ADCB82BC920B4002DAEA7 /* LoginResponse.swift */,
			);
			path = Login;
			sourceTree = "<group>";
		};
		7C0ADCC02BC9213F002DAEA7 /* Withdraw */ = {
			isa = PBXGroup;
			children = (
				7C18ECFA2BC7FB7400F061DE /* WithdrawResponse.swift */,
			);
			path = Withdraw;
			sourceTree = "<group>";
		};
		7C0ADCC12BC9214D002DAEA7 /* RefreshToken */ = {
			isa = PBXGroup;
			children = (
				7C0ADCBA2BC920CC002DAEA7 /* RefreshTokenResponse.swift */,
			);
			path = RefreshToken;
			sourceTree = "<group>";
		};
		7C0ADCC42BC9262B002DAEA7 /* APIManager */ = {
			isa = PBXGroup;
			children = (
				7C0ADCD12BC93923002DAEA7 /* TokenInterceptor.swift */,
				7C18ECBA2BC679AA00F061DE /* UserAPIManager.swift */,
				7C0ADCC52BC92647002DAEA7 /* PostsAPIManager.swift */,
			);
			path = APIManager;
			sourceTree = "<group>";
		};
		7C0ADCC72BC92B3A002DAEA7 /* UploadPosts */ = {
			isa = PBXGroup;
			children = (
				7C0ADCC82BC92B52002DAEA7 /* UploadImageDatasQuery.swift */,
				7C0ADCCF2BC92BA9002DAEA7 /* UploadContentQuery.swift */,
			);
			path = UploadPosts;
			sourceTree = "<group>";
		};
		7C0ADCCA2BC92B63002DAEA7 /* UploadPosts */ = {
			isa = PBXGroup;
			children = (
				7C0ADCCB2BC92B76002DAEA7 /* UploadImageResponse.swift */,
				7C0ADCCD2BC92B85002DAEA7 /* UploadContentResponse.swift */,
			);
			path = UploadPosts;
			sourceTree = "<group>";
		};
		7C18EC862BC677F900F061DE = {
			isa = PBXGroup;
			children = (
				7C18EC912BC677F900F061DE /* SangbooSangzo */,
				7C18EC902BC677F900F061DE /* Products */,
			);
			sourceTree = "<group>";
		};
		7C18EC902BC677F900F061DE /* Products */ = {
			isa = PBXGroup;
			children = (
				7C18EC8F2BC677F900F061DE /* SangbooSangzo.app */,
			);
			name = Products;
			sourceTree = "<group>";
		};
		7C18EC912BC677F900F061DE /* SangbooSangzo */ = {
			isa = PBXGroup;
			children = (
				7C18ECD72BC698CA00F061DE /* App */,
				7C18ECCE2BC6980200F061DE /* Data */,
				7C18ECB92BC679A100F061DE /* Network */,
				7C18ECD42BC6989E00F061DE /* Manager */,
				7C18ECCD2BC697F800F061DE /* Repository */,
				7C18ECCC2BC697EE00F061DE /* Present */,
				7C18ECE72BC69A5800F061DE /* Builder */,
				7C18ECB62BC6798600F061DE /* Base */,
				7C18ECCF2BC6981000F061DE /* Protocol */,
				7C18ECBC2BC679D300F061DE /* Extension */,
				7C18ECD82BC698D200F061DE /* Resources */,
				7C18ECA02BC677FA00F061DE /* Info.plist */,
				7C18ECEC2BC7F01400F061DE /* .gitignore */,
			);
			path = SangbooSangzo;
			sourceTree = "<group>";
		};
		7C18ECB62BC6798600F061DE /* Base */ = {
			isa = PBXGroup;
			children = (
				7C18ECC62BC6978500F061DE /* BaseView.swift */,
				7C18ECCA2BC697BF00F061DE /* BaseCollectionViewCell.swift */,
				7C18ECB72BC6799300F061DE /* RxBaseViewController.swift */,
			);
			path = Base;
			sourceTree = "<group>";
		};
		7C18ECB92BC679A100F061DE /* Network */ = {
			isa = PBXGroup;
			children = (
				7C0ADCC42BC9262B002DAEA7 /* APIManager */,
				7C0ADCAC2BC9200A002DAEA7 /* Router */,
				7C18ECF02BC7F11B00F061DE /* HTTPHeader.swift */,
				7C18ECF22BC7F57A00F061DE /* UserToken.swift */,
				7C18ECEE2BC7F04100F061DE /* APIKey.swift */,
			);
			path = Network;
			sourceTree = "<group>";
		};
		7C18ECBC2BC679D300F061DE /* Extension */ = {
			isa = PBXGroup;
			children = (
				7C18ECBD2BC679DD00F061DE /* Then+.swift */,
				7C18ECC32BC67EC200F061DE /* UIView+.swift */,
				7C18EC962BC677F900F061DE /* ViewController.swift */,
			);
			path = Extension;
			sourceTree = "<group>";
		};
		7C18ECCC2BC697EE00F061DE /* Present */ = {
			isa = PBXGroup;
			children = (
				7C18ECFE2BC8056A00F061DE /* AuthScene */,
			);
			path = Present;
			sourceTree = "<group>";
		};
		7C18ECCD2BC697F800F061DE /* Repository */ = {
			isa = PBXGroup;
			children = (
			);
			path = Repository;
			sourceTree = "<group>";
		};
		7C18ECCE2BC6980200F061DE /* Data */ = {
			isa = PBXGroup;
			children = (
				7C18ECF42BC7FA3D00F061DE /* User */,
			);
			path = Data;
			sourceTree = "<group>";
		};
		7C18ECCF2BC6981000F061DE /* Protocol */ = {
			isa = PBXGroup;
			children = (
				7C18ECD02BC6982000F061DE /* ViewModelProtocol.swift */,
				7C18ECE52BC699D300F061DE /* Coordinator.swift */,
			);
			path = Protocol;
			sourceTree = "<group>";
		};
		7C18ECD42BC6989E00F061DE /* Manager */ = {
			isa = PBXGroup;
			children = (
				7C18ECD52BC698A800F061DE /* UserDefaultsManager.swift */,
			);
			path = Manager;
			sourceTree = "<group>";
		};
		7C18ECD72BC698CA00F061DE /* App */ = {
			isa = PBXGroup;
			children = (
				7C18EC922BC677F900F061DE /* AppDelegate.swift */,
				7C18EC942BC677F900F061DE /* SceneDelegate.swift */,
			);
			path = App;
			sourceTree = "<group>";
		};
		7C18ECD82BC698D200F061DE /* Resources */ = {
			isa = PBXGroup;
			children = (
				7C18EC9B2BC677FA00F061DE /* Assets.xcassets */,
				7C18EC9D2BC677FA00F061DE /* LaunchScreen.storyboard */,
			);
			path = Resources;
			sourceTree = "<group>";
		};
		7C18ECE72BC69A5800F061DE /* Builder */ = {
			isa = PBXGroup;
			children = (
				7C18ECE82BC69A6E00F061DE /* AlertBuilder.swift */,
			);
			path = Builder;
			sourceTree = "<group>";
		};
		7C18ECF42BC7FA3D00F061DE /* User */ = {
			isa = PBXGroup;
			children = (
				7C0ADCA92BC91FE8002DAEA7 /* Request */,
				7C0ADCAA2BC91FEF002DAEA7 /* Response */,
			);
			path = User;
			sourceTree = "<group>";
		};
		7C18ECFE2BC8056A00F061DE /* AuthScene */ = {
			isa = PBXGroup;
			children = (
				7C18ECFC2BC8056600F061DE /* LoginViewController.swift */,
			);
			path = AuthScene;
			sourceTree = "<group>";
		};
/* End PBXGroup section */

/* Begin PBXNativeTarget section */
		7C18EC8E2BC677F900F061DE /* SangbooSangzo */ = {
			isa = PBXNativeTarget;
			buildConfigurationList = 7C18ECA32BC677FA00F061DE /* Build configuration list for PBXNativeTarget "SangbooSangzo" */;
			buildPhases = (
				7C18EC8B2BC677F900F061DE /* Sources */,
				7C18EC8C2BC677F900F061DE /* Frameworks */,
				7C18EC8D2BC677F900F061DE /* Resources */,
			);
			buildRules = (
			);
			dependencies = (
			);
			name = SangbooSangzo;
			packageProductDependencies = (
				7C18ECA72BC6790600F061DE /* RxCocoa */,
				7C18ECA92BC6790600F061DE /* RxSwift */,
				7C18ECAC2BC6792600F061DE /* Moya */,
				7C18ECAE2BC6792600F061DE /* RxMoya */,
				7C18ECDA2BC6990E00F061DE /* SnapKit */,
				7C18ECDD2BC6991B00F061DE /* Kingfisher */,
			);
			productName = SangbooSangzo;
			productReference = 7C18EC8F2BC677F900F061DE /* SangbooSangzo.app */;
			productType = "com.apple.product-type.application";
		};
/* End PBXNativeTarget section */

/* Begin PBXProject section */
		7C18EC872BC677F900F061DE /* Project object */ = {
			isa = PBXProject;
			attributes = {
				BuildIndependentTargetsInParallel = 1;
				LastSwiftUpdateCheck = 1530;
				LastUpgradeCheck = 1530;
				TargetAttributes = {
					7C18EC8E2BC677F900F061DE = {
						CreatedOnToolsVersion = 15.3;
					};
				};
			};
			buildConfigurationList = 7C18EC8A2BC677F900F061DE /* Build configuration list for PBXProject "SangbooSangzo" */;
			compatibilityVersion = "Xcode 14.0";
			developmentRegion = en;
			hasScannedForEncodings = 0;
			knownRegions = (
				en,
				Base,
			);
			mainGroup = 7C18EC862BC677F900F061DE;
			packageReferences = (
				7C18ECA62BC6790600F061DE /* XCRemoteSwiftPackageReference "RxSwift" */,
				7C18ECAB2BC6792600F061DE /* XCRemoteSwiftPackageReference "Moya" */,
				7C18ECD92BC6990E00F061DE /* XCRemoteSwiftPackageReference "SnapKit" */,
				7C18ECDC2BC6991B00F061DE /* XCRemoteSwiftPackageReference "Kingfisher" */,
			);
			productRefGroup = 7C18EC902BC677F900F061DE /* Products */;
			projectDirPath = "";
			projectRoot = "";
			targets = (
				7C18EC8E2BC677F900F061DE /* SangbooSangzo */,
			);
		};
/* End PBXProject section */

/* Begin PBXResourcesBuildPhase section */
		7C18EC8D2BC677F900F061DE /* Resources */ = {
			isa = PBXResourcesBuildPhase;
			buildActionMask = 2147483647;
			files = (
				7C18EC9C2BC677FA00F061DE /* Assets.xcassets in Resources */,
				7C18ECED2BC7F01400F061DE /* .gitignore in Resources */,
				7C18EC9F2BC677FA00F061DE /* Base in Resources */,
			);
			runOnlyForDeploymentPostprocessing = 0;
		};
/* End PBXResourcesBuildPhase section */

/* Begin PBXSourcesBuildPhase section */
		7C18EC8B2BC677F900F061DE /* Sources */ = {
			isa = PBXSourcesBuildPhase;
			buildActionMask = 2147483647;
			files = (
				7C0ADCBB2BC920CC002DAEA7 /* RefreshTokenResponse.swift in Sources */,
				7C18EC972BC677F900F061DE /* ViewController.swift in Sources */,
				7C18ECB82BC6799300F061DE /* RxBaseViewController.swift in Sources */,
				7C18ECE62BC699D300F061DE /* Coordinator.swift in Sources */,
				7C0ADCB52BC92090002DAEA7 /* UserJoinEmailValidationResponse.swift in Sources */,
				7C0ADCB12BC92067002DAEA7 /* UserJoinResponse.swift in Sources */,
				7C18ECC42BC67EC200F061DE /* UIView+.swift in Sources */,
				7C0ADCB92BC920B4002DAEA7 /* LoginResponse.swift in Sources */,
				7C18ECF12BC7F11B00F061DE /* HTTPHeader.swift in Sources */,
				7C0ADCD02BC92BA9002DAEA7 /* UploadContentQuery.swift in Sources */,
				7C18ECEF2BC7F04100F061DE /* APIKey.swift in Sources */,
				7C0ADCC62BC92647002DAEA7 /* PostsAPIManager.swift in Sources */,
				7C18ECBE2BC679DD00F061DE /* Then+.swift in Sources */,
				7C0ADCC32BC92183002DAEA7 /* PostsRouter.swift in Sources */,
				7C0ADCCC2BC92B76002DAEA7 /* UploadImageResponse.swift in Sources */,
				7C0ADCAF2BC9203D002DAEA7 /* UserJoinRequest.swift in Sources */,
				7C0ADCB32BC92077002DAEA7 /* UserJoinEmailValidationRequest.swift in Sources */,
				7C18ECF32BC7F57A00F061DE /* UserToken.swift in Sources */,
				7C18ECFD2BC8056600F061DE /* LoginViewController.swift in Sources */,
				7C0ADCCE2BC92B85002DAEA7 /* UploadContentResponse.swift in Sources */,
				7C18ECE42BC6998400F061DE /* UserRouter.swift in Sources */,
				7C18ECD62BC698A800F061DE /* UserDefaultsManager.swift in Sources */,
				7C18ECCB2BC697BF00F061DE /* BaseCollectionViewCell.swift in Sources */,
				7C18ECBB2BC679AA00F061DE /* UserAPIManager.swift in Sources */,
				7C18ECFB2BC7FB7400F061DE /* WithdrawResponse.swift in Sources */,
				7C0ADCC92BC92B52002DAEA7 /* UploadImageDatasQuery.swift in Sources */,
				7C0ADCB72BC920A2002DAEA7 /* LoginRequest.swift in Sources */,
				7C18ECD12BC6982000F061DE /* ViewModelProtocol.swift in Sources */,
				7C0ADCD22BC93923002DAEA7 /* TokenInterceptor.swift in Sources */,
				7C18EC932BC677F900F061DE /* AppDelegate.swift in Sources */,
				7C18EC952BC677F900F061DE /* SceneDelegate.swift in Sources */,
				7C18ECE92BC69A6E00F061DE /* AlertBuilder.swift in Sources */,
				7C18ECC72BC6978500F061DE /* BaseView.swift in Sources */,
			);
			runOnlyForDeploymentPostprocessing = 0;
		};
/* End PBXSourcesBuildPhase section */

/* Begin PBXVariantGroup section */
		7C18EC9D2BC677FA00F061DE /* LaunchScreen.storyboard */ = {
			isa = PBXVariantGroup;
			children = (
				7C18EC9E2BC677FA00F061DE /* Base */,
			);
			name = LaunchScreen.storyboard;
			sourceTree = "<group>";
		};
/* End PBXVariantGroup section */

/* Begin XCBuildConfiguration section */
		7C18ECA12BC677FA00F061DE /* Debug */ = {
			isa = XCBuildConfiguration;
			buildSettings = {
				ALWAYS_SEARCH_USER_PATHS = NO;
				ASSETCATALOG_COMPILER_GENERATE_SWIFT_ASSET_SYMBOL_EXTENSIONS = YES;
				CLANG_ANALYZER_NONNULL = YES;
				CLANG_ANALYZER_NUMBER_OBJECT_CONVERSION = YES_AGGRESSIVE;
				CLANG_CXX_LANGUAGE_STANDARD = "gnu++20";
				CLANG_ENABLE_MODULES = YES;
				CLANG_ENABLE_OBJC_ARC = YES;
				CLANG_ENABLE_OBJC_WEAK = YES;
				CLANG_WARN_BLOCK_CAPTURE_AUTORELEASING = YES;
				CLANG_WARN_BOOL_CONVERSION = YES;
				CLANG_WARN_COMMA = YES;
				CLANG_WARN_CONSTANT_CONVERSION = YES;
				CLANG_WARN_DEPRECATED_OBJC_IMPLEMENTATIONS = YES;
				CLANG_WARN_DIRECT_OBJC_ISA_USAGE = YES_ERROR;
				CLANG_WARN_DOCUMENTATION_COMMENTS = YES;
				CLANG_WARN_EMPTY_BODY = YES;
				CLANG_WARN_ENUM_CONVERSION = YES;
				CLANG_WARN_INFINITE_RECURSION = YES;
				CLANG_WARN_INT_CONVERSION = YES;
				CLANG_WARN_NON_LITERAL_NULL_CONVERSION = YES;
				CLANG_WARN_OBJC_IMPLICIT_RETAIN_SELF = YES;
				CLANG_WARN_OBJC_LITERAL_CONVERSION = YES;
				CLANG_WARN_OBJC_ROOT_CLASS = YES_ERROR;
				CLANG_WARN_QUOTED_INCLUDE_IN_FRAMEWORK_HEADER = YES;
				CLANG_WARN_RANGE_LOOP_ANALYSIS = YES;
				CLANG_WARN_STRICT_PROTOTYPES = YES;
				CLANG_WARN_SUSPICIOUS_MOVE = YES;
				CLANG_WARN_UNGUARDED_AVAILABILITY = YES_AGGRESSIVE;
				CLANG_WARN_UNREACHABLE_CODE = YES;
				CLANG_WARN__DUPLICATE_METHOD_MATCH = YES;
				COPY_PHASE_STRIP = NO;
				DEBUG_INFORMATION_FORMAT = dwarf;
				ENABLE_STRICT_OBJC_MSGSEND = YES;
				ENABLE_TESTABILITY = YES;
				ENABLE_USER_SCRIPT_SANDBOXING = YES;
				GCC_C_LANGUAGE_STANDARD = gnu17;
				GCC_DYNAMIC_NO_PIC = NO;
				GCC_NO_COMMON_BLOCKS = YES;
				GCC_OPTIMIZATION_LEVEL = 0;
				GCC_PREPROCESSOR_DEFINITIONS = (
					"DEBUG=1",
					"$(inherited)",
				);
				GCC_WARN_64_TO_32_BIT_CONVERSION = YES;
				GCC_WARN_ABOUT_RETURN_TYPE = YES_ERROR;
				GCC_WARN_UNDECLARED_SELECTOR = YES;
				GCC_WARN_UNINITIALIZED_AUTOS = YES_AGGRESSIVE;
				GCC_WARN_UNUSED_FUNCTION = YES;
				GCC_WARN_UNUSED_VARIABLE = YES;
				IPHONEOS_DEPLOYMENT_TARGET = 15.0;
				LOCALIZATION_PREFERS_STRING_CATALOGS = YES;
				MTL_ENABLE_DEBUG_INFO = INCLUDE_SOURCE;
				MTL_FAST_MATH = YES;
				ONLY_ACTIVE_ARCH = YES;
				SDKROOT = iphoneos;
				SWIFT_ACTIVE_COMPILATION_CONDITIONS = "DEBUG $(inherited)";
				SWIFT_OPTIMIZATION_LEVEL = "-Onone";
			};
			name = Debug;
		};
		7C18ECA22BC677FA00F061DE /* Release */ = {
			isa = XCBuildConfiguration;
			buildSettings = {
				ALWAYS_SEARCH_USER_PATHS = NO;
				ASSETCATALOG_COMPILER_GENERATE_SWIFT_ASSET_SYMBOL_EXTENSIONS = YES;
				CLANG_ANALYZER_NONNULL = YES;
				CLANG_ANALYZER_NUMBER_OBJECT_CONVERSION = YES_AGGRESSIVE;
				CLANG_CXX_LANGUAGE_STANDARD = "gnu++20";
				CLANG_ENABLE_MODULES = YES;
				CLANG_ENABLE_OBJC_ARC = YES;
				CLANG_ENABLE_OBJC_WEAK = YES;
				CLANG_WARN_BLOCK_CAPTURE_AUTORELEASING = YES;
				CLANG_WARN_BOOL_CONVERSION = YES;
				CLANG_WARN_COMMA = YES;
				CLANG_WARN_CONSTANT_CONVERSION = YES;
				CLANG_WARN_DEPRECATED_OBJC_IMPLEMENTATIONS = YES;
				CLANG_WARN_DIRECT_OBJC_ISA_USAGE = YES_ERROR;
				CLANG_WARN_DOCUMENTATION_COMMENTS = YES;
				CLANG_WARN_EMPTY_BODY = YES;
				CLANG_WARN_ENUM_CONVERSION = YES;
				CLANG_WARN_INFINITE_RECURSION = YES;
				CLANG_WARN_INT_CONVERSION = YES;
				CLANG_WARN_NON_LITERAL_NULL_CONVERSION = YES;
				CLANG_WARN_OBJC_IMPLICIT_RETAIN_SELF = YES;
				CLANG_WARN_OBJC_LITERAL_CONVERSION = YES;
				CLANG_WARN_OBJC_ROOT_CLASS = YES_ERROR;
				CLANG_WARN_QUOTED_INCLUDE_IN_FRAMEWORK_HEADER = YES;
				CLANG_WARN_RANGE_LOOP_ANALYSIS = YES;
				CLANG_WARN_STRICT_PROTOTYPES = YES;
				CLANG_WARN_SUSPICIOUS_MOVE = YES;
				CLANG_WARN_UNGUARDED_AVAILABILITY = YES_AGGRESSIVE;
				CLANG_WARN_UNREACHABLE_CODE = YES;
				CLANG_WARN__DUPLICATE_METHOD_MATCH = YES;
				COPY_PHASE_STRIP = NO;
				DEBUG_INFORMATION_FORMAT = "dwarf-with-dsym";
				ENABLE_NS_ASSERTIONS = NO;
				ENABLE_STRICT_OBJC_MSGSEND = YES;
				ENABLE_USER_SCRIPT_SANDBOXING = YES;
				GCC_C_LANGUAGE_STANDARD = gnu17;
				GCC_NO_COMMON_BLOCKS = YES;
				GCC_WARN_64_TO_32_BIT_CONVERSION = YES;
				GCC_WARN_ABOUT_RETURN_TYPE = YES_ERROR;
				GCC_WARN_UNDECLARED_SELECTOR = YES;
				GCC_WARN_UNINITIALIZED_AUTOS = YES_AGGRESSIVE;
				GCC_WARN_UNUSED_FUNCTION = YES;
				GCC_WARN_UNUSED_VARIABLE = YES;
				IPHONEOS_DEPLOYMENT_TARGET = 15.0;
				LOCALIZATION_PREFERS_STRING_CATALOGS = YES;
				MTL_ENABLE_DEBUG_INFO = NO;
				MTL_FAST_MATH = YES;
				SDKROOT = iphoneos;
				SWIFT_COMPILATION_MODE = wholemodule;
				VALIDATE_PRODUCT = YES;
			};
			name = Release;
		};
		7C18ECA42BC677FA00F061DE /* Debug */ = {
			isa = XCBuildConfiguration;
			buildSettings = {
				ASSETCATALOG_COMPILER_APPICON_NAME = AppIcon;
				ASSETCATALOG_COMPILER_GLOBAL_ACCENT_COLOR_NAME = AccentColor;
				CODE_SIGN_STYLE = Automatic;
				CURRENT_PROJECT_VERSION = 1;
				DEVELOPMENT_TEAM = W6X76DS4Z7;
				GENERATE_INFOPLIST_FILE = YES;
				INFOPLIST_FILE = SangbooSangzo/Info.plist;
				INFOPLIST_KEY_UIApplicationSupportsIndirectInputEvents = YES;
				INFOPLIST_KEY_UILaunchStoryboardName = LaunchScreen;
				INFOPLIST_KEY_UISupportedInterfaceOrientations = UIInterfaceOrientationPortrait;
				INFOPLIST_KEY_UISupportedInterfaceOrientations_iPad = "UIInterfaceOrientationLandscapeLeft UIInterfaceOrientationLandscapeRight UIInterfaceOrientationPortrait UIInterfaceOrientationPortraitUpsideDown";
				LD_RUNPATH_SEARCH_PATHS = (
					"$(inherited)",
					"@executable_path/Frameworks",
				);
				MARKETING_VERSION = 1.0;
				PRODUCT_BUNDLE_IDENTIFIER = com.thekoon.SangbooSangzo;
				PRODUCT_NAME = "$(TARGET_NAME)";
				SUPPORTED_PLATFORMS = "iphoneos iphonesimulator";
				SUPPORTS_MACCATALYST = NO;
				SUPPORTS_MAC_DESIGNED_FOR_IPHONE_IPAD = NO;
				SUPPORTS_XR_DESIGNED_FOR_IPHONE_IPAD = NO;
				SWIFT_EMIT_LOC_STRINGS = YES;
				SWIFT_VERSION = 5.0;
				TARGETED_DEVICE_FAMILY = 1;
			};
			name = Debug;
		};
		7C18ECA52BC677FA00F061DE /* Release */ = {
			isa = XCBuildConfiguration;
			buildSettings = {
				ASSETCATALOG_COMPILER_APPICON_NAME = AppIcon;
				ASSETCATALOG_COMPILER_GLOBAL_ACCENT_COLOR_NAME = AccentColor;
				CODE_SIGN_STYLE = Automatic;
				CURRENT_PROJECT_VERSION = 1;
				DEVELOPMENT_TEAM = W6X76DS4Z7;
				GENERATE_INFOPLIST_FILE = YES;
				INFOPLIST_FILE = SangbooSangzo/Info.plist;
				INFOPLIST_KEY_UIApplicationSupportsIndirectInputEvents = YES;
				INFOPLIST_KEY_UILaunchStoryboardName = LaunchScreen;
				INFOPLIST_KEY_UISupportedInterfaceOrientations = UIInterfaceOrientationPortrait;
				INFOPLIST_KEY_UISupportedInterfaceOrientations_iPad = "UIInterfaceOrientationLandscapeLeft UIInterfaceOrientationLandscapeRight UIInterfaceOrientationPortrait UIInterfaceOrientationPortraitUpsideDown";
				LD_RUNPATH_SEARCH_PATHS = (
					"$(inherited)",
					"@executable_path/Frameworks",
				);
				MARKETING_VERSION = 1.0;
				PRODUCT_BUNDLE_IDENTIFIER = com.thekoon.SangbooSangzo;
				PRODUCT_NAME = "$(TARGET_NAME)";
				SUPPORTED_PLATFORMS = "iphoneos iphonesimulator";
				SUPPORTS_MACCATALYST = NO;
				SUPPORTS_MAC_DESIGNED_FOR_IPHONE_IPAD = NO;
				SUPPORTS_XR_DESIGNED_FOR_IPHONE_IPAD = NO;
				SWIFT_EMIT_LOC_STRINGS = YES;
				SWIFT_VERSION = 5.0;
				TARGETED_DEVICE_FAMILY = 1;
			};
			name = Release;
		};
/* End XCBuildConfiguration section */

/* Begin XCConfigurationList section */
		7C18EC8A2BC677F900F061DE /* Build configuration list for PBXProject "SangbooSangzo" */ = {
			isa = XCConfigurationList;
			buildConfigurations = (
				7C18ECA12BC677FA00F061DE /* Debug */,
				7C18ECA22BC677FA00F061DE /* Release */,
			);
			defaultConfigurationIsVisible = 0;
			defaultConfigurationName = Release;
		};
		7C18ECA32BC677FA00F061DE /* Build configuration list for PBXNativeTarget "SangbooSangzo" */ = {
			isa = XCConfigurationList;
			buildConfigurations = (
				7C18ECA42BC677FA00F061DE /* Debug */,
				7C18ECA52BC677FA00F061DE /* Release */,
			);
			defaultConfigurationIsVisible = 0;
			defaultConfigurationName = Release;
		};
/* End XCConfigurationList section */

/* Begin XCRemoteSwiftPackageReference section */
		7C18ECA62BC6790600F061DE /* XCRemoteSwiftPackageReference "RxSwift" */ = {
			isa = XCRemoteSwiftPackageReference;
			repositoryURL = "https://github.com/ReactiveX/RxSwift";
			requirement = {
				kind = upToNextMajorVersion;
				minimumVersion = 6.6.0;
			};
		};
		7C18ECAB2BC6792600F061DE /* XCRemoteSwiftPackageReference "Moya" */ = {
			isa = XCRemoteSwiftPackageReference;
			repositoryURL = "https://github.com/Moya/Moya";
			requirement = {
				kind = upToNextMajorVersion;
				minimumVersion = 15.0.3;
			};
		};
		7C18ECD92BC6990E00F061DE /* XCRemoteSwiftPackageReference "SnapKit" */ = {
			isa = XCRemoteSwiftPackageReference;
			repositoryURL = "https://github.com/SnapKit/SnapKit";
			requirement = {
				kind = upToNextMajorVersion;
				minimumVersion = 5.7.1;
			};
		};
		7C18ECDC2BC6991B00F061DE /* XCRemoteSwiftPackageReference "Kingfisher" */ = {
			isa = XCRemoteSwiftPackageReference;
			repositoryURL = "https://github.com/onevcat/Kingfisher";
			requirement = {
				kind = upToNextMajorVersion;
				minimumVersion = 7.11.0;
			};
		};
/* End XCRemoteSwiftPackageReference section */

/* Begin XCSwiftPackageProductDependency section */
		7C18ECA72BC6790600F061DE /* RxCocoa */ = {
			isa = XCSwiftPackageProductDependency;
			package = 7C18ECA62BC6790600F061DE /* XCRemoteSwiftPackageReference "RxSwift" */;
			productName = RxCocoa;
		};
		7C18ECA92BC6790600F061DE /* RxSwift */ = {
			isa = XCSwiftPackageProductDependency;
			package = 7C18ECA62BC6790600F061DE /* XCRemoteSwiftPackageReference "RxSwift" */;
			productName = RxSwift;
		};
		7C18ECAC2BC6792600F061DE /* Moya */ = {
			isa = XCSwiftPackageProductDependency;
			package = 7C18ECAB2BC6792600F061DE /* XCRemoteSwiftPackageReference "Moya" */;
			productName = Moya;
		};
		7C18ECAE2BC6792600F061DE /* RxMoya */ = {
			isa = XCSwiftPackageProductDependency;
			package = 7C18ECAB2BC6792600F061DE /* XCRemoteSwiftPackageReference "Moya" */;
			productName = RxMoya;
		};
		7C18ECDA2BC6990E00F061DE /* SnapKit */ = {
			isa = XCSwiftPackageProductDependency;
			package = 7C18ECD92BC6990E00F061DE /* XCRemoteSwiftPackageReference "SnapKit" */;
			productName = SnapKit;
		};
		7C18ECDD2BC6991B00F061DE /* Kingfisher */ = {
			isa = XCSwiftPackageProductDependency;
			package = 7C18ECDC2BC6991B00F061DE /* XCRemoteSwiftPackageReference "Kingfisher" */;
			productName = Kingfisher;
		};
/* End XCSwiftPackageProductDependency section */
	};
	rootObject = 7C18EC872BC677F900F061DE /* Project object */;
}
