// !$*UTF8*$!
{
	archiveVersion = 1;
	classes = {
	};
	objectVersion = 56;
	objects = {

/* Begin PBXBuildFile section */
		7C0ADCAF2BC9203D002DAEA7 /* UserJoinRequest.swift in Sources */ = {isa = PBXBuildFile; fileRef = 7C0ADCAE2BC9203D002DAEA7 /* UserJoinRequest.swift */; };
		7C0ADCB12BC92067002DAEA7 /* UserJoinResponse.swift in Sources */ = {isa = PBXBuildFile; fileRef = 7C0ADCB02BC92067002DAEA7 /* UserJoinResponse.swift */; };
		7C0ADCB32BC92077002DAEA7 /* UserJoinEmailValidationRequest.swift in Sources */ = {isa = PBXBuildFile; fileRef = 7C0ADCB22BC92077002DAEA7 /* UserJoinEmailValidationRequest.swift */; };
		7C0ADCB52BC92090002DAEA7 /* UserJoinEmailValidationResponse.swift in Sources */ = {isa = PBXBuildFile; fileRef = 7C0ADCB42BC92090002DAEA7 /* UserJoinEmailValidationResponse.swift */; };
		7C0ADCB72BC920A2002DAEA7 /* LoginRequest.swift in Sources */ = {isa = PBXBuildFile; fileRef = 7C0ADCB62BC920A2002DAEA7 /* LoginRequest.swift */; };
		7C0ADCB92BC920B4002DAEA7 /* LoginResponse.swift in Sources */ = {isa = PBXBuildFile; fileRef = 7C0ADCB82BC920B4002DAEA7 /* LoginResponse.swift */; };
		7C0ADCBB2BC920CC002DAEA7 /* RefreshTokenResponse.swift in Sources */ = {isa = PBXBuildFile; fileRef = 7C0ADCBA2BC920CC002DAEA7 /* RefreshTokenResponse.swift */; };
		7C0ADCC32BC92183002DAEA7 /* PostsRouter.swift in Sources */ = {isa = PBXBuildFile; fileRef = 7C0ADCC22BC92183002DAEA7 /* PostsRouter.swift */; };
		7C0ADCC62BC92647002DAEA7 /* PostsAPIService.swift in Sources */ = {isa = PBXBuildFile; fileRef = 7C0ADCC52BC92647002DAEA7 /* PostsAPIService.swift */; };
		7C0ADCC92BC92B52002DAEA7 /* UploadImageDatasRequest.swift in Sources */ = {isa = PBXBuildFile; fileRef = 7C0ADCC82BC92B52002DAEA7 /* UploadImageDatasRequest.swift */; };
		7C0ADCCC2BC92B76002DAEA7 /* UploadImageResponse.swift in Sources */ = {isa = PBXBuildFile; fileRef = 7C0ADCCB2BC92B76002DAEA7 /* UploadImageResponse.swift */; };
		7C0ADCCE2BC92B85002DAEA7 /* UploadContentResponse.swift in Sources */ = {isa = PBXBuildFile; fileRef = 7C0ADCCD2BC92B85002DAEA7 /* UploadContentResponse.swift */; };
		7C0ADCD02BC92BA9002DAEA7 /* UploadContentRequest.swift in Sources */ = {isa = PBXBuildFile; fileRef = 7C0ADCCF2BC92BA9002DAEA7 /* UploadContentRequest.swift */; };
		7C0ADCD22BC93923002DAEA7 /* TokenInterceptor.swift in Sources */ = {isa = PBXBuildFile; fileRef = 7C0ADCD12BC93923002DAEA7 /* TokenInterceptor.swift */; };
		7C18EC932BC677F900F061DE /* AppDelegate.swift in Sources */ = {isa = PBXBuildFile; fileRef = 7C18EC922BC677F900F061DE /* AppDelegate.swift */; };
		7C18EC952BC677F900F061DE /* SceneDelegate.swift in Sources */ = {isa = PBXBuildFile; fileRef = 7C18EC942BC677F900F061DE /* SceneDelegate.swift */; };
		7C18EC9C2BC677FA00F061DE /* Assets.xcassets in Resources */ = {isa = PBXBuildFile; fileRef = 7C18EC9B2BC677FA00F061DE /* Assets.xcassets */; };
		7C18EC9F2BC677FA00F061DE /* Base in Resources */ = {isa = PBXBuildFile; fileRef = 7C18EC9E2BC677FA00F061DE /* Base */; };
		7C18ECA82BC6790600F061DE /* RxCocoa in Frameworks */ = {isa = PBXBuildFile; productRef = 7C18ECA72BC6790600F061DE /* RxCocoa */; };
		7C18ECAA2BC6790600F061DE /* RxSwift in Frameworks */ = {isa = PBXBuildFile; productRef = 7C18ECA92BC6790600F061DE /* RxSwift */; };
		7C18ECAD2BC6792600F061DE /* Moya in Frameworks */ = {isa = PBXBuildFile; productRef = 7C18ECAC2BC6792600F061DE /* Moya */; };
		7C18ECAF2BC6792600F061DE /* RxMoya in Frameworks */ = {isa = PBXBuildFile; productRef = 7C18ECAE2BC6792600F061DE /* RxMoya */; };
		7C18ECB82BC6799300F061DE /* RxBaseViewController.swift in Sources */ = {isa = PBXBuildFile; fileRef = 7C18ECB72BC6799300F061DE /* RxBaseViewController.swift */; };
		7C18ECBB2BC679AA00F061DE /* UserAPIManager.swift in Sources */ = {isa = PBXBuildFile; fileRef = 7C18ECBA2BC679AA00F061DE /* UserAPIManager.swift */; };
		7C18ECBE2BC679DD00F061DE /* Then+.swift in Sources */ = {isa = PBXBuildFile; fileRef = 7C18ECBD2BC679DD00F061DE /* Then+.swift */; };
		7C18ECC42BC67EC200F061DE /* UIView+.swift in Sources */ = {isa = PBXBuildFile; fileRef = 7C18ECC32BC67EC200F061DE /* UIView+.swift */; };
		7C18ECC72BC6978500F061DE /* BaseView.swift in Sources */ = {isa = PBXBuildFile; fileRef = 7C18ECC62BC6978500F061DE /* BaseView.swift */; };
		7C18ECCB2BC697BF00F061DE /* RxBaseCollectionViewCell.swift in Sources */ = {isa = PBXBuildFile; fileRef = 7C18ECCA2BC697BF00F061DE /* RxBaseCollectionViewCell.swift */; };
		7C18ECD12BC6982000F061DE /* ViewModel.swift in Sources */ = {isa = PBXBuildFile; fileRef = 7C18ECD02BC6982000F061DE /* ViewModel.swift */; };
		7C18ECD62BC698A800F061DE /* UserDefaultsManager.swift in Sources */ = {isa = PBXBuildFile; fileRef = 7C18ECD52BC698A800F061DE /* UserDefaultsManager.swift */; };
		7C18ECDB2BC6990E00F061DE /* SnapKit in Frameworks */ = {isa = PBXBuildFile; productRef = 7C18ECDA2BC6990E00F061DE /* SnapKit */; };
		7C18ECDE2BC6991B00F061DE /* Kingfisher in Frameworks */ = {isa = PBXBuildFile; productRef = 7C18ECDD2BC6991B00F061DE /* Kingfisher */; };
		7C18ECE42BC6998400F061DE /* UserRouter.swift in Sources */ = {isa = PBXBuildFile; fileRef = 7C18ECE32BC6998400F061DE /* UserRouter.swift */; };
		7C18ECE62BC699D300F061DE /* Coordinator.swift in Sources */ = {isa = PBXBuildFile; fileRef = 7C18ECE52BC699D300F061DE /* Coordinator.swift */; };
		7C18ECE92BC69A6E00F061DE /* AlertBuilder.swift in Sources */ = {isa = PBXBuildFile; fileRef = 7C18ECE82BC69A6E00F061DE /* AlertBuilder.swift */; };
		7C18ECED2BC7F01400F061DE /* .gitignore in Resources */ = {isa = PBXBuildFile; fileRef = 7C18ECEC2BC7F01400F061DE /* .gitignore */; };
		7C18ECEF2BC7F04100F061DE /* APIKey.swift in Sources */ = {isa = PBXBuildFile; fileRef = 7C18ECEE2BC7F04100F061DE /* APIKey.swift */; };
		7C18ECF12BC7F11B00F061DE /* HTTPHeader.swift in Sources */ = {isa = PBXBuildFile; fileRef = 7C18ECF02BC7F11B00F061DE /* HTTPHeader.swift */; };
		7C18ECF32BC7F57A00F061DE /* UserData.swift in Sources */ = {isa = PBXBuildFile; fileRef = 7C18ECF22BC7F57A00F061DE /* UserData.swift */; };
		7C18ECFB2BC7FB7400F061DE /* WithdrawResponse.swift in Sources */ = {isa = PBXBuildFile; fileRef = 7C18ECFA2BC7FB7400F061DE /* WithdrawResponse.swift */; };
		7C18ECFD2BC8056600F061DE /* LoginViewController.swift in Sources */ = {isa = PBXBuildFile; fileRef = 7C18ECFC2BC8056600F061DE /* LoginViewController.swift */; };
		7C1C50062BCCFDAE0066CBCA /* AppCoordinator.swift in Sources */ = {isa = PBXBuildFile; fileRef = 7C1C50052BCCFDAE0066CBCA /* AppCoordinator.swift */; };
		7C1C500B2BCCFE310066CBCA /* FeedCoordinator.swift in Sources */ = {isa = PBXBuildFile; fileRef = 7C1C500A2BCCFE310066CBCA /* FeedCoordinator.swift */; };
		7C1C500F2BCCFE5A0066CBCA /* FeedViewController.swift in Sources */ = {isa = PBXBuildFile; fileRef = 7C1C500E2BCCFE5A0066CBCA /* FeedViewController.swift */; };
		7C1C50112BCCFE740066CBCA /* FeedViewModel.swift in Sources */ = {isa = PBXBuildFile; fileRef = 7C1C50102BCCFE740066CBCA /* FeedViewModel.swift */; };
		7C1C50132BCCFF1F0066CBCA /* MapCoordinator.swift in Sources */ = {isa = PBXBuildFile; fileRef = 7C1C50122BCCFF1F0066CBCA /* MapCoordinator.swift */; };
		7C1C50172BCCFF2C0066CBCA /* MapViewController.swift in Sources */ = {isa = PBXBuildFile; fileRef = 7C1C50162BCCFF2C0066CBCA /* MapViewController.swift */; };
		7C1C50192BCCFF4F0066CBCA /* MapViewModel.swift in Sources */ = {isa = PBXBuildFile; fileRef = 7C1C50182BCCFF4F0066CBCA /* MapViewModel.swift */; };
		7C1C501B2BCCFFC40066CBCA /* InfoCoordinator.swift in Sources */ = {isa = PBXBuildFile; fileRef = 7C1C501A2BCCFFC40066CBCA /* InfoCoordinator.swift */; };
		7C1C501F2BCD000C0066CBCA /* InfoViewController.swift in Sources */ = {isa = PBXBuildFile; fileRef = 7C1C501E2BCD000C0066CBCA /* InfoViewController.swift */; };
		7C1C50212BCD002B0066CBCA /* InfoViewModel.swift in Sources */ = {isa = PBXBuildFile; fileRef = 7C1C50202BCD002B0066CBCA /* InfoViewModel.swift */; };
		7C1C50232BCD028A0066CBCA /* AuthCoordinator.swift in Sources */ = {isa = PBXBuildFile; fileRef = 7C1C50222BCD028A0066CBCA /* AuthCoordinator.swift */; };
		7C1C50272BCD02A50066CBCA /* LoginViewModel.swift in Sources */ = {isa = PBXBuildFile; fileRef = 7C1C50262BCD02A50066CBCA /* LoginViewModel.swift */; };
		7C1C50292BCD062E0066CBCA /* UIColor+.swift in Sources */ = {isa = PBXBuildFile; fileRef = 7C1C50282BCD062E0066CBCA /* UIColor+.swift */; };
		7C1C502B2BCD0A980066CBCA /* SSAnnotation.swift in Sources */ = {isa = PBXBuildFile; fileRef = 7C1C502A2BCD0A980066CBCA /* SSAnnotation.swift */; };
		7C1C502D2BCD0B280066CBCA /* SSAnnotationView.swift in Sources */ = {isa = PBXBuildFile; fileRef = 7C1C502C2BCD0B280066CBCA /* SSAnnotationView.swift */; };
		7C1C50312BCD26E30066CBCA /* SignInViewController.swift in Sources */ = {isa = PBXBuildFile; fileRef = 7C1C50302BCD26E30066CBCA /* SignInViewController.swift */; };
		7C1C50332BCD26EA0066CBCA /* SignInViewModel.swift in Sources */ = {isa = PBXBuildFile; fileRef = 7C1C50322BCD26EA0066CBCA /* SignInViewModel.swift */; };
		7C21F5F22BD23E9A00D52383 /* Reactive+.swift in Sources */ = {isa = PBXBuildFile; fileRef = 7C21F5F12BD23E9A00D52383 /* Reactive+.swift */; };
		7C21F5F42BD2522400D52383 /* PostImageCell.swift in Sources */ = {isa = PBXBuildFile; fileRef = 7C21F5F32BD2522400D52383 /* PostImageCell.swift */; };
		7C21F5F72BD28C1600D52383 /* DetailFeedViewController.swift in Sources */ = {isa = PBXBuildFile; fileRef = 7C21F5F62BD28C1600D52383 /* DetailFeedViewController.swift */; };
		7C21F5FB2BD28C5C00D52383 /* DetailFeedViewModel.swift in Sources */ = {isa = PBXBuildFile; fileRef = 7C21F5FA2BD28C5C00D52383 /* DetailFeedViewModel.swift */; };
		7C21F5FD2BD28F1700D52383 /* KF+.swift in Sources */ = {isa = PBXBuildFile; fileRef = 7C21F5FC2BD28F1700D52383 /* KF+.swift */; };
		7C2ADFF82BD3FEFB00DA2C1F /* UIImage+.swift in Sources */ = {isa = PBXBuildFile; fileRef = 7C2ADFF72BD3FEFB00DA2C1F /* UIImage+.swift */; };
		7C2ADFFA2BD5150B00DA2C1F /* UserProfileView.swift in Sources */ = {isa = PBXBuildFile; fileRef = 7C2ADFF92BD5150B00DA2C1F /* UserProfileView.swift */; };
		7C2ADFFC2BD515D100DA2C1F /* SSFont.swift in Sources */ = {isa = PBXBuildFile; fileRef = 7C2ADFFB2BD515D100DA2C1F /* SSFont.swift */; };
		7C2AE0032BD515EE00DA2C1F /* Pretendard-Bold.otf in Resources */ = {isa = PBXBuildFile; fileRef = 7C2ADFFD2BD515EE00DA2C1F /* Pretendard-Bold.otf */; };
		7C2AE0042BD515EE00DA2C1F /* Pretendard-Light.otf in Resources */ = {isa = PBXBuildFile; fileRef = 7C2ADFFE2BD515EE00DA2C1F /* Pretendard-Light.otf */; };
		7C2AE0052BD515EE00DA2C1F /* Pretendard-Medium.otf in Resources */ = {isa = PBXBuildFile; fileRef = 7C2ADFFF2BD515EE00DA2C1F /* Pretendard-Medium.otf */; };
		7C2AE0062BD515EE00DA2C1F /* Pretendard-Regular.otf in Resources */ = {isa = PBXBuildFile; fileRef = 7C2AE0002BD515EE00DA2C1F /* Pretendard-Regular.otf */; };
		7C2AE0072BD515EE00DA2C1F /* Pretendard-SemiBold.otf in Resources */ = {isa = PBXBuildFile; fileRef = 7C2AE0012BD515EE00DA2C1F /* Pretendard-SemiBold.otf */; };
		7C2AE00A2BD51E4500DA2C1F /* RxDataSources in Frameworks */ = {isa = PBXBuildFile; productRef = 7C2AE0092BD51E4500DA2C1F /* RxDataSources */; };
		7C2AE00D2BD56F9000DA2C1F /* FeedCellViewModel.swift in Sources */ = {isa = PBXBuildFile; fileRef = 7C2AE00C2BD56F9000DA2C1F /* FeedCellViewModel.swift */; };
		7C418C3A2BE0E43A00583C5C /* DateFormatterManager.swift in Sources */ = {isa = PBXBuildFile; fileRef = 7C418C392BE0E43A00583C5C /* DateFormatterManager.swift */; };
		7C62A0B12BD62F9D00296BD7 /* ImageScrollView.swift in Sources */ = {isa = PBXBuildFile; fileRef = 7C62A0B02BD62F9D00296BD7 /* ImageScrollView.swift */; };
		7C6934E02BDD3BDE00CE7469 /* DetailFeedView.swift in Sources */ = {isa = PBXBuildFile; fileRef = 7C6934DF2BDD3BDE00CE7469 /* DetailFeedView.swift */; };
		7C6AA5AE2BE2157E0048E42E /* MainTabCoordinator.swift in Sources */ = {isa = PBXBuildFile; fileRef = 7C6AA5AD2BE2157E0048E42E /* MainTabCoordinator.swift */; };
		7C6AA5B02BE229BF0048E42E /* CommentEntity.swift in Sources */ = {isa = PBXBuildFile; fileRef = 7C6AA5AF2BE229BF0048E42E /* CommentEntity.swift */; };
		7C7D88542BE22E8C005A06EB /* CommentRepository.swift in Sources */ = {isa = PBXBuildFile; fileRef = 7C7D88532BE22E8C005A06EB /* CommentRepository.swift */; };
		7C7D88562BE2344A005A06EB /* LikeRepository.swift in Sources */ = {isa = PBXBuildFile; fileRef = 7C7D88552BE2344A005A06EB /* LikeRepository.swift */; };
		7C7D88582BE234F8005A06EB /* LikeEntity.swift in Sources */ = {isa = PBXBuildFile; fileRef = 7C7D88572BE234F8005A06EB /* LikeEntity.swift */; };
		7C8EA1E52BD7E12900495981 /* SettingViewController.swift in Sources */ = {isa = PBXBuildFile; fileRef = 7C8EA1E42BD7E12900495981 /* SettingViewController.swift */; };
		7C8EA1E72BD7E14400495981 /* SettingViewModel.swift in Sources */ = {isa = PBXBuildFile; fileRef = 7C8EA1E62BD7E14400495981 /* SettingViewModel.swift */; };
		7C8EA1E92BD7E41400495981 /* SettingCell.swift in Sources */ = {isa = PBXBuildFile; fileRef = 7C8EA1E82BD7E41400495981 /* SettingCell.swift */; };
		7C8EA1EC2BD7E43000495981 /* BaseTableViewCell.swift in Sources */ = {isa = PBXBuildFile; fileRef = 7C8EA1EB2BD7E43000495981 /* BaseTableViewCell.swift */; };
		7C92D6E22BD807E50021AC66 /* EditProfileViewController.swift in Sources */ = {isa = PBXBuildFile; fileRef = 7C92D6E12BD807E50021AC66 /* EditProfileViewController.swift */; };
		7C92D6E42BD808010021AC66 /* EditProfileViewModel.swift in Sources */ = {isa = PBXBuildFile; fileRef = 7C92D6E32BD808010021AC66 /* EditProfileViewModel.swift */; };
		7C92D6E72BD811FD0021AC66 /* ProfileEditRequest.swift in Sources */ = {isa = PBXBuildFile; fileRef = 7C92D6E62BD811FD0021AC66 /* ProfileEditRequest.swift */; };
		7C92D6E92BD819C60021AC66 /* CommentCell.swift in Sources */ = {isa = PBXBuildFile; fileRef = 7C92D6E82BD819C60021AC66 /* CommentCell.swift */; };
		7C92D6EE2BD911720021AC66 /* PaddingLabel.swift in Sources */ = {isa = PBXBuildFile; fileRef = 7C92D6ED2BD911720021AC66 /* PaddingLabel.swift */; };
		7C9E2DED2BE4D4EC00FD81E3 /* SSConst.swift in Sources */ = {isa = PBXBuildFile; fileRef = 7C9E2DEC2BE4D4EC00FD81E3 /* SSConst.swift */; };
		7C9E2DF02BE4D54200FD81E3 /* APISetting.swift in Sources */ = {isa = PBXBuildFile; fileRef = 7C9E2DEF2BE4D54200FD81E3 /* APISetting.swift */; };
		7C9E2DF32BE4D86400FD81E3 /* MarqueeLabel in Frameworks */ = {isa = PBXBuildFile; productRef = 7C9E2DF22BE4D86400FD81E3 /* MarqueeLabel */; };
		7C9E2DF62BE4DD5700FD81E3 /* LocationManager.swift in Sources */ = {isa = PBXBuildFile; fileRef = 7C9E2DF52BE4DD5700FD81E3 /* LocationManager.swift */; };
		7C9E2DF82BE52A5900FD81E3 /* TitleView.swift in Sources */ = {isa = PBXBuildFile; fileRef = 7C9E2DF72BE52A5900FD81E3 /* TitleView.swift */; };
		7CA35D7C2BE6A65400E35AFA /* UserConnentView.swift in Sources */ = {isa = PBXBuildFile; fileRef = 7CA35D7B2BE6A65400E35AFA /* UserConnentView.swift */; };
		7CA35D7E2BE6B33B00E35AFA /* CustomMarkerView.swift in Sources */ = {isa = PBXBuildFile; fileRef = 7CA35D7D2BE6B33B00E35AFA /* CustomMarkerView.swift */; };
		7CA35D812BE7522200E35AFA /* iamport-ios in Frameworks */ = {isa = PBXBuildFile; productRef = 7CA35D802BE7522200E35AFA /* iamport-ios */; };
		7CA35D842BE7533100E35AFA /* Payments.swift in Sources */ = {isa = PBXBuildFile; fileRef = 7CA35D832BE7533100E35AFA /* Payments.swift */; };
		7CA35D862BE7599700E35AFA /* PaymentsRouter.swift in Sources */ = {isa = PBXBuildFile; fileRef = 7CA35D852BE7599700E35AFA /* PaymentsRouter.swift */; };
		7CA35D892BE75B1600E35AFA /* PaymentsRequest.swift in Sources */ = {isa = PBXBuildFile; fileRef = 7CA35D882BE75B1600E35AFA /* PaymentsRequest.swift */; };
		7CA35D8C2BE75BD500E35AFA /* PaymentsResponse.swift in Sources */ = {isa = PBXBuildFile; fileRef = 7CA35D8B2BE75BD500E35AFA /* PaymentsResponse.swift */; };
		7CA35D902BE75E5900E35AFA /* PaymentsEntity.swift in Sources */ = {isa = PBXBuildFile; fileRef = 7CA35D8F2BE75E5900E35AFA /* PaymentsEntity.swift */; };
		7CA35D922BE75E8200E35AFA /* PaymentsAPIService.swift in Sources */ = {isa = PBXBuildFile; fileRef = 7CA35D912BE75E8200E35AFA /* PaymentsAPIService.swift */; };
		7CA35D942BE75F5300E35AFA /* PaymentsRepository.swift in Sources */ = {isa = PBXBuildFile; fileRef = 7CA35D932BE75F5300E35AFA /* PaymentsRepository.swift */; };
		7CCB4BBA2BE36F0100A96C7B /* ProfileEntity.swift in Sources */ = {isa = PBXBuildFile; fileRef = 7CCB4BB92BE36F0100A96C7B /* ProfileEntity.swift */; };
		7CCB4BBD2BE37D3D00A96C7B /* ProfileRepository.swift in Sources */ = {isa = PBXBuildFile; fileRef = 7CCB4BBC2BE37D3D00A96C7B /* ProfileRepository.swift */; };
		7CCB4BC02BE3937900A96C7B /* CommentViewController.swift in Sources */ = {isa = PBXBuildFile; fileRef = 7CCB4BBF2BE3937900A96C7B /* CommentViewController.swift */; };
		7CCB4BC22BE3A9D000A96C7B /* CommentViewModel.swift in Sources */ = {isa = PBXBuildFile; fileRef = 7CCB4BC12BE3A9D000A96C7B /* CommentViewModel.swift */; };
		7CCB4BC52BE3B8B700A96C7B /* IQKeyboardManagerSwift in Frameworks */ = {isa = PBXBuildFile; productRef = 7CCB4BC42BE3B8B700A96C7B /* IQKeyboardManagerSwift */; };
		7CCBCF962BCFBBAB00B3641D /* ReadPostsQuery.swift in Sources */ = {isa = PBXBuildFile; fileRef = 7CCBCF952BCFBBAB00B3641D /* ReadPostsQuery.swift */; };
		7CCBCF982BCFBBFF00B3641D /* ReadPostsResponse.swift in Sources */ = {isa = PBXBuildFile; fileRef = 7CCBCF972BCFBBFF00B3641D /* ReadPostsResponse.swift */; };
		7CCBCF9A2BCFC67900B3641D /* CommentRouter.swift in Sources */ = {isa = PBXBuildFile; fileRef = 7CCBCF992BCFC67900B3641D /* CommentRouter.swift */; };
		7CCBCF9C2BCFC79C00B3641D /* CommentsAPIService.swift in Sources */ = {isa = PBXBuildFile; fileRef = 7CCBCF9B2BCFC79C00B3641D /* CommentsAPIService.swift */; };
		7CCBCF9F2BCFC95D00B3641D /* PostCommentResponse.swift in Sources */ = {isa = PBXBuildFile; fileRef = 7CCBCF9E2BCFC95D00B3641D /* PostCommentResponse.swift */; };
		7CCBCFA22BCFCA4200B3641D /* LikeRouter.swift in Sources */ = {isa = PBXBuildFile; fileRef = 7CCBCFA12BCFCA4200B3641D /* LikeRouter.swift */; };
		7CCBCFA52BCFCB6900B3641D /* LikeStatusResponse.swift in Sources */ = {isa = PBXBuildFile; fileRef = 7CCBCFA42BCFCB6900B3641D /* LikeStatusResponse.swift */; };
		7CCBCFA72BCFCB7800B3641D /* LikeAPIService.swift in Sources */ = {isa = PBXBuildFile; fileRef = 7CCBCFA62BCFCB7800B3641D /* LikeAPIService.swift */; };
		7CCBCFAA2BCFCD8600B3641D /* LikePostQuery.swift in Sources */ = {isa = PBXBuildFile; fileRef = 7CCBCFA92BCFCD8600B3641D /* LikePostQuery.swift */; };
		7CCBCFAC2BCFCE1200B3641D /* FollowRouter.swift in Sources */ = {isa = PBXBuildFile; fileRef = 7CCBCFAB2BCFCE1200B3641D /* FollowRouter.swift */; };
		7CCBCFAF2BCFCF7900B3641D /* FollowResponse.swift in Sources */ = {isa = PBXBuildFile; fileRef = 7CCBCFAE2BCFCF7900B3641D /* FollowResponse.swift */; };
		7CCBCFB12BCFCFAD00B3641D /* FollowAPIService.swift in Sources */ = {isa = PBXBuildFile; fileRef = 7CCBCFB02BCFCFAD00B3641D /* FollowAPIService.swift */; };
		7CCBCFB32BCFDED100B3641D /* ProfileRouter.swift in Sources */ = {isa = PBXBuildFile; fileRef = 7CCBCFB22BCFDED100B3641D /* ProfileRouter.swift */; };
		7CCBCFB52BCFE16600B3641D /* ProfileAPIService.swift in Sources */ = {isa = PBXBuildFile; fileRef = 7CCBCFB42BCFE16600B3641D /* ProfileAPIService.swift */; };
		7CCBCFB82BCFE18100B3641D /* ProfileResponse.swift in Sources */ = {isa = PBXBuildFile; fileRef = 7CCBCFB72BCFE18100B3641D /* ProfileResponse.swift */; };
		7CD29C8F2BCE56EA00A45268 /* Toast.swift in Sources */ = {isa = PBXBuildFile; fileRef = 7CD29C8E2BCE56EA00A45268 /* Toast.swift */; };
		7CD29C912BCE9DBF00A45268 /* FeedCell.swift in Sources */ = {isa = PBXBuildFile; fileRef = 7CD29C902BCE9DBF00A45268 /* FeedCell.swift */; };
		7CD29C962BCEA9B700A45268 /* PostViewController.swift in Sources */ = {isa = PBXBuildFile; fileRef = 7CD29C952BCEA9B700A45268 /* PostViewController.swift */; };
		7CD29C982BCEA9C700A45268 /* PoseViewModel.swift in Sources */ = {isa = PBXBuildFile; fileRef = 7CD29C972BCEA9C700A45268 /* PoseViewModel.swift */; };
		7CDCB95D2BE247F200A3ED55 /* RxGesture in Frameworks */ = {isa = PBXBuildFile; productRef = 7CDCB95C2BE247F200A3ED55 /* RxGesture */; };
		7CE916862BDB9921007B1431 /* MainFeedCell.swift in Sources */ = {isa = PBXBuildFile; fileRef = 7CE916852BDB9921007B1431 /* MainFeedCell.swift */; };
		7CE916882BDB9938007B1431 /* MainFeedCellViewModel.swift in Sources */ = {isa = PBXBuildFile; fileRef = 7CE916872BDB9938007B1431 /* MainFeedCellViewModel.swift */; };
		7CE9168A2BDBA21F007B1431 /* MainFeedBaseView.swift in Sources */ = {isa = PBXBuildFile; fileRef = 7CE916892BDBA21F007B1431 /* MainFeedBaseView.swift */; };
		7CE9168C2BDBA31F007B1431 /* MapDetailViewController.swift in Sources */ = {isa = PBXBuildFile; fileRef = 7CE9168B2BDBA31F007B1431 /* MapDetailViewController.swift */; };
		7CE9168E2BDBA563007B1431 /* MapDetailViewModel.swift in Sources */ = {isa = PBXBuildFile; fileRef = 7CE9168D2BDBA563007B1431 /* MapDetailViewModel.swift */; };
		7CEFD0E12BDE2D4F002583E9 /* PostRepository.swift in Sources */ = {isa = PBXBuildFile; fileRef = 7CEFD0E02BDE2D4F002583E9 /* PostRepository.swift */; };
		7CEFD0E42BDE33C5002583E9 /* ContentEntity.swift in Sources */ = {isa = PBXBuildFile; fileRef = 7CEFD0E32BDE33C5002583E9 /* ContentEntity.swift */; };
		7CEFD0E62BDE33FD002583E9 /* ReadPostEntity.swift in Sources */ = {isa = PBXBuildFile; fileRef = 7CEFD0E52BDE33FD002583E9 /* ReadPostEntity.swift */; };
		7CFC8B042BD108AF00F713E1 /* MenuButton.swift in Sources */ = {isa = PBXBuildFile; fileRef = 7CFC8B032BD108AF00F713E1 /* MenuButton.swift */; };
/* End PBXBuildFile section */

/* Begin PBXFileReference section */
		7C0ADCAE2BC9203D002DAEA7 /* UserJoinRequest.swift */ = {isa = PBXFileReference; lastKnownFileType = sourcecode.swift; path = UserJoinRequest.swift; sourceTree = "<group>"; };
		7C0ADCB02BC92067002DAEA7 /* UserJoinResponse.swift */ = {isa = PBXFileReference; lastKnownFileType = sourcecode.swift; path = UserJoinResponse.swift; sourceTree = "<group>"; };
		7C0ADCB22BC92077002DAEA7 /* UserJoinEmailValidationRequest.swift */ = {isa = PBXFileReference; lastKnownFileType = sourcecode.swift; path = UserJoinEmailValidationRequest.swift; sourceTree = "<group>"; };
		7C0ADCB42BC92090002DAEA7 /* UserJoinEmailValidationResponse.swift */ = {isa = PBXFileReference; lastKnownFileType = sourcecode.swift; path = UserJoinEmailValidationResponse.swift; sourceTree = "<group>"; };
		7C0ADCB62BC920A2002DAEA7 /* LoginRequest.swift */ = {isa = PBXFileReference; lastKnownFileType = sourcecode.swift; path = LoginRequest.swift; sourceTree = "<group>"; };
		7C0ADCB82BC920B4002DAEA7 /* LoginResponse.swift */ = {isa = PBXFileReference; lastKnownFileType = sourcecode.swift; path = LoginResponse.swift; sourceTree = "<group>"; };
		7C0ADCBA2BC920CC002DAEA7 /* RefreshTokenResponse.swift */ = {isa = PBXFileReference; lastKnownFileType = sourcecode.swift; path = RefreshTokenResponse.swift; sourceTree = "<group>"; };
		7C0ADCC22BC92183002DAEA7 /* PostsRouter.swift */ = {isa = PBXFileReference; lastKnownFileType = sourcecode.swift; path = PostsRouter.swift; sourceTree = "<group>"; };
		7C0ADCC52BC92647002DAEA7 /* PostsAPIService.swift */ = {isa = PBXFileReference; lastKnownFileType = sourcecode.swift; path = PostsAPIService.swift; sourceTree = "<group>"; };
		7C0ADCC82BC92B52002DAEA7 /* UploadImageDatasRequest.swift */ = {isa = PBXFileReference; lastKnownFileType = sourcecode.swift; path = UploadImageDatasRequest.swift; sourceTree = "<group>"; };
		7C0ADCCB2BC92B76002DAEA7 /* UploadImageResponse.swift */ = {isa = PBXFileReference; lastKnownFileType = sourcecode.swift; path = UploadImageResponse.swift; sourceTree = "<group>"; };
		7C0ADCCD2BC92B85002DAEA7 /* UploadContentResponse.swift */ = {isa = PBXFileReference; lastKnownFileType = sourcecode.swift; path = UploadContentResponse.swift; sourceTree = "<group>"; };
		7C0ADCCF2BC92BA9002DAEA7 /* UploadContentRequest.swift */ = {isa = PBXFileReference; lastKnownFileType = sourcecode.swift; path = UploadContentRequest.swift; sourceTree = "<group>"; };
		7C0ADCD12BC93923002DAEA7 /* TokenInterceptor.swift */ = {isa = PBXFileReference; lastKnownFileType = sourcecode.swift; path = TokenInterceptor.swift; sourceTree = "<group>"; };
		7C18EC8F2BC677F900F061DE /* SangbooSangzo.app */ = {isa = PBXFileReference; explicitFileType = wrapper.application; includeInIndex = 0; path = SangbooSangzo.app; sourceTree = BUILT_PRODUCTS_DIR; };
		7C18EC922BC677F900F061DE /* AppDelegate.swift */ = {isa = PBXFileReference; lastKnownFileType = sourcecode.swift; path = AppDelegate.swift; sourceTree = "<group>"; };
		7C18EC942BC677F900F061DE /* SceneDelegate.swift */ = {isa = PBXFileReference; lastKnownFileType = sourcecode.swift; path = SceneDelegate.swift; sourceTree = "<group>"; };
		7C18EC9B2BC677FA00F061DE /* Assets.xcassets */ = {isa = PBXFileReference; lastKnownFileType = folder.assetcatalog; path = Assets.xcassets; sourceTree = "<group>"; };
		7C18EC9E2BC677FA00F061DE /* Base */ = {isa = PBXFileReference; lastKnownFileType = file.storyboard; name = Base; path = Base.lproj/LaunchScreen.storyboard; sourceTree = "<group>"; };
		7C18ECA02BC677FA00F061DE /* Info.plist */ = {isa = PBXFileReference; lastKnownFileType = text.plist.xml; path = Info.plist; sourceTree = "<group>"; };
		7C18ECB72BC6799300F061DE /* RxBaseViewController.swift */ = {isa = PBXFileReference; lastKnownFileType = sourcecode.swift; path = RxBaseViewController.swift; sourceTree = "<group>"; };
		7C18ECBA2BC679AA00F061DE /* UserAPIManager.swift */ = {isa = PBXFileReference; lastKnownFileType = sourcecode.swift; path = UserAPIManager.swift; sourceTree = "<group>"; };
		7C18ECBD2BC679DD00F061DE /* Then+.swift */ = {isa = PBXFileReference; lastKnownFileType = sourcecode.swift; path = "Then+.swift"; sourceTree = "<group>"; };
		7C18ECC32BC67EC200F061DE /* UIView+.swift */ = {isa = PBXFileReference; lastKnownFileType = sourcecode.swift; path = "UIView+.swift"; sourceTree = "<group>"; };
		7C18ECC62BC6978500F061DE /* BaseView.swift */ = {isa = PBXFileReference; lastKnownFileType = sourcecode.swift; path = BaseView.swift; sourceTree = "<group>"; };
		7C18ECCA2BC697BF00F061DE /* RxBaseCollectionViewCell.swift */ = {isa = PBXFileReference; lastKnownFileType = sourcecode.swift; path = RxBaseCollectionViewCell.swift; sourceTree = "<group>"; };
		7C18ECD02BC6982000F061DE /* ViewModel.swift */ = {isa = PBXFileReference; lastKnownFileType = sourcecode.swift; path = ViewModel.swift; sourceTree = "<group>"; };
		7C18ECD52BC698A800F061DE /* UserDefaultsManager.swift */ = {isa = PBXFileReference; lastKnownFileType = sourcecode.swift; path = UserDefaultsManager.swift; sourceTree = "<group>"; };
		7C18ECE32BC6998400F061DE /* UserRouter.swift */ = {isa = PBXFileReference; lastKnownFileType = sourcecode.swift; path = UserRouter.swift; sourceTree = "<group>"; };
		7C18ECE52BC699D300F061DE /* Coordinator.swift */ = {isa = PBXFileReference; lastKnownFileType = sourcecode.swift; path = Coordinator.swift; sourceTree = "<group>"; };
		7C18ECE82BC69A6E00F061DE /* AlertBuilder.swift */ = {isa = PBXFileReference; lastKnownFileType = sourcecode.swift; path = AlertBuilder.swift; sourceTree = "<group>"; };
		7C18ECEC2BC7F01400F061DE /* .gitignore */ = {isa = PBXFileReference; lastKnownFileType = text; path = .gitignore; sourceTree = "<group>"; };
		7C18ECEE2BC7F04100F061DE /* APIKey.swift */ = {isa = PBXFileReference; lastKnownFileType = sourcecode.swift; path = APIKey.swift; sourceTree = "<group>"; };
		7C18ECF02BC7F11B00F061DE /* HTTPHeader.swift */ = {isa = PBXFileReference; lastKnownFileType = sourcecode.swift; path = HTTPHeader.swift; sourceTree = "<group>"; };
		7C18ECF22BC7F57A00F061DE /* UserData.swift */ = {isa = PBXFileReference; lastKnownFileType = sourcecode.swift; path = UserData.swift; sourceTree = "<group>"; };
		7C18ECFA2BC7FB7400F061DE /* WithdrawResponse.swift */ = {isa = PBXFileReference; lastKnownFileType = sourcecode.swift; path = WithdrawResponse.swift; sourceTree = "<group>"; };
		7C18ECFC2BC8056600F061DE /* LoginViewController.swift */ = {isa = PBXFileReference; lastKnownFileType = sourcecode.swift; path = LoginViewController.swift; sourceTree = "<group>"; };
		7C1C50052BCCFDAE0066CBCA /* AppCoordinator.swift */ = {isa = PBXFileReference; lastKnownFileType = sourcecode.swift; path = AppCoordinator.swift; sourceTree = "<group>"; };
		7C1C500A2BCCFE310066CBCA /* FeedCoordinator.swift */ = {isa = PBXFileReference; lastKnownFileType = sourcecode.swift; path = FeedCoordinator.swift; sourceTree = "<group>"; };
		7C1C500E2BCCFE5A0066CBCA /* FeedViewController.swift */ = {isa = PBXFileReference; lastKnownFileType = sourcecode.swift; path = FeedViewController.swift; sourceTree = "<group>"; };
		7C1C50102BCCFE740066CBCA /* FeedViewModel.swift */ = {isa = PBXFileReference; lastKnownFileType = sourcecode.swift; path = FeedViewModel.swift; sourceTree = "<group>"; };
		7C1C50122BCCFF1F0066CBCA /* MapCoordinator.swift */ = {isa = PBXFileReference; lastKnownFileType = sourcecode.swift; path = MapCoordinator.swift; sourceTree = "<group>"; };
		7C1C50162BCCFF2C0066CBCA /* MapViewController.swift */ = {isa = PBXFileReference; lastKnownFileType = sourcecode.swift; path = MapViewController.swift; sourceTree = "<group>"; };
		7C1C50182BCCFF4F0066CBCA /* MapViewModel.swift */ = {isa = PBXFileReference; lastKnownFileType = sourcecode.swift; path = MapViewModel.swift; sourceTree = "<group>"; };
		7C1C501A2BCCFFC40066CBCA /* InfoCoordinator.swift */ = {isa = PBXFileReference; lastKnownFileType = sourcecode.swift; path = InfoCoordinator.swift; sourceTree = "<group>"; };
		7C1C501E2BCD000C0066CBCA /* InfoViewController.swift */ = {isa = PBXFileReference; lastKnownFileType = sourcecode.swift; path = InfoViewController.swift; sourceTree = "<group>"; };
		7C1C50202BCD002B0066CBCA /* InfoViewModel.swift */ = {isa = PBXFileReference; lastKnownFileType = sourcecode.swift; path = InfoViewModel.swift; sourceTree = "<group>"; };
		7C1C50222BCD028A0066CBCA /* AuthCoordinator.swift */ = {isa = PBXFileReference; lastKnownFileType = sourcecode.swift; path = AuthCoordinator.swift; sourceTree = "<group>"; };
		7C1C50262BCD02A50066CBCA /* LoginViewModel.swift */ = {isa = PBXFileReference; lastKnownFileType = sourcecode.swift; path = LoginViewModel.swift; sourceTree = "<group>"; };
		7C1C50282BCD062E0066CBCA /* UIColor+.swift */ = {isa = PBXFileReference; lastKnownFileType = sourcecode.swift; path = "UIColor+.swift"; sourceTree = "<group>"; };
		7C1C502A2BCD0A980066CBCA /* SSAnnotation.swift */ = {isa = PBXFileReference; lastKnownFileType = sourcecode.swift; path = SSAnnotation.swift; sourceTree = "<group>"; };
		7C1C502C2BCD0B280066CBCA /* SSAnnotationView.swift */ = {isa = PBXFileReference; lastKnownFileType = sourcecode.swift; path = SSAnnotationView.swift; sourceTree = "<group>"; };
		7C1C50302BCD26E30066CBCA /* SignInViewController.swift */ = {isa = PBXFileReference; lastKnownFileType = sourcecode.swift; path = SignInViewController.swift; sourceTree = "<group>"; };
		7C1C50322BCD26EA0066CBCA /* SignInViewModel.swift */ = {isa = PBXFileReference; lastKnownFileType = sourcecode.swift; path = SignInViewModel.swift; sourceTree = "<group>"; };
		7C21F5F12BD23E9A00D52383 /* Reactive+.swift */ = {isa = PBXFileReference; lastKnownFileType = sourcecode.swift; path = "Reactive+.swift"; sourceTree = "<group>"; };
		7C21F5F32BD2522400D52383 /* PostImageCell.swift */ = {isa = PBXFileReference; lastKnownFileType = sourcecode.swift; path = PostImageCell.swift; sourceTree = "<group>"; };
		7C21F5F62BD28C1600D52383 /* DetailFeedViewController.swift */ = {isa = PBXFileReference; lastKnownFileType = sourcecode.swift; path = DetailFeedViewController.swift; sourceTree = "<group>"; };
		7C21F5FA2BD28C5C00D52383 /* DetailFeedViewModel.swift */ = {isa = PBXFileReference; lastKnownFileType = sourcecode.swift; path = DetailFeedViewModel.swift; sourceTree = "<group>"; };
		7C21F5FC2BD28F1700D52383 /* KF+.swift */ = {isa = PBXFileReference; lastKnownFileType = sourcecode.swift; path = "KF+.swift"; sourceTree = "<group>"; };
		7C2ADFF72BD3FEFB00DA2C1F /* UIImage+.swift */ = {isa = PBXFileReference; lastKnownFileType = sourcecode.swift; path = "UIImage+.swift"; sourceTree = "<group>"; };
		7C2ADFF92BD5150B00DA2C1F /* UserProfileView.swift */ = {isa = PBXFileReference; lastKnownFileType = sourcecode.swift; path = UserProfileView.swift; sourceTree = "<group>"; };
		7C2ADFFB2BD515D100DA2C1F /* SSFont.swift */ = {isa = PBXFileReference; lastKnownFileType = sourcecode.swift; path = SSFont.swift; sourceTree = "<group>"; };
		7C2ADFFD2BD515EE00DA2C1F /* Pretendard-Bold.otf */ = {isa = PBXFileReference; lastKnownFileType = file; path = "Pretendard-Bold.otf"; sourceTree = "<group>"; };
		7C2ADFFE2BD515EE00DA2C1F /* Pretendard-Light.otf */ = {isa = PBXFileReference; lastKnownFileType = file; path = "Pretendard-Light.otf"; sourceTree = "<group>"; };
		7C2ADFFF2BD515EE00DA2C1F /* Pretendard-Medium.otf */ = {isa = PBXFileReference; lastKnownFileType = file; path = "Pretendard-Medium.otf"; sourceTree = "<group>"; };
		7C2AE0002BD515EE00DA2C1F /* Pretendard-Regular.otf */ = {isa = PBXFileReference; lastKnownFileType = file; path = "Pretendard-Regular.otf"; sourceTree = "<group>"; };
		7C2AE0012BD515EE00DA2C1F /* Pretendard-SemiBold.otf */ = {isa = PBXFileReference; lastKnownFileType = file; path = "Pretendard-SemiBold.otf"; sourceTree = "<group>"; };
		7C2AE00C2BD56F9000DA2C1F /* FeedCellViewModel.swift */ = {isa = PBXFileReference; lastKnownFileType = sourcecode.swift; path = FeedCellViewModel.swift; sourceTree = "<group>"; };
		7C418C392BE0E43A00583C5C /* DateFormatterManager.swift */ = {isa = PBXFileReference; lastKnownFileType = sourcecode.swift; path = DateFormatterManager.swift; sourceTree = "<group>"; };
		7C62A0B02BD62F9D00296BD7 /* ImageScrollView.swift */ = {isa = PBXFileReference; lastKnownFileType = sourcecode.swift; path = ImageScrollView.swift; sourceTree = "<group>"; };
		7C6934DF2BDD3BDE00CE7469 /* DetailFeedView.swift */ = {isa = PBXFileReference; lastKnownFileType = sourcecode.swift; path = DetailFeedView.swift; sourceTree = "<group>"; };
		7C6AA5AD2BE2157E0048E42E /* MainTabCoordinator.swift */ = {isa = PBXFileReference; lastKnownFileType = sourcecode.swift; path = MainTabCoordinator.swift; sourceTree = "<group>"; };
		7C6AA5AF2BE229BF0048E42E /* CommentEntity.swift */ = {isa = PBXFileReference; lastKnownFileType = sourcecode.swift; path = CommentEntity.swift; sourceTree = "<group>"; };
		7C7D88532BE22E8C005A06EB /* CommentRepository.swift */ = {isa = PBXFileReference; lastKnownFileType = sourcecode.swift; path = CommentRepository.swift; sourceTree = "<group>"; };
		7C7D88552BE2344A005A06EB /* LikeRepository.swift */ = {isa = PBXFileReference; lastKnownFileType = sourcecode.swift; path = LikeRepository.swift; sourceTree = "<group>"; };
		7C7D88572BE234F8005A06EB /* LikeEntity.swift */ = {isa = PBXFileReference; lastKnownFileType = sourcecode.swift; path = LikeEntity.swift; sourceTree = "<group>"; };
		7C8EA1E42BD7E12900495981 /* SettingViewController.swift */ = {isa = PBXFileReference; lastKnownFileType = sourcecode.swift; path = SettingViewController.swift; sourceTree = "<group>"; };
		7C8EA1E62BD7E14400495981 /* SettingViewModel.swift */ = {isa = PBXFileReference; lastKnownFileType = sourcecode.swift; path = SettingViewModel.swift; sourceTree = "<group>"; };
		7C8EA1E82BD7E41400495981 /* SettingCell.swift */ = {isa = PBXFileReference; lastKnownFileType = sourcecode.swift; path = SettingCell.swift; sourceTree = "<group>"; };
		7C8EA1EB2BD7E43000495981 /* BaseTableViewCell.swift */ = {isa = PBXFileReference; lastKnownFileType = sourcecode.swift; path = BaseTableViewCell.swift; sourceTree = "<group>"; };
		7C92D6E12BD807E50021AC66 /* EditProfileViewController.swift */ = {isa = PBXFileReference; lastKnownFileType = sourcecode.swift; path = EditProfileViewController.swift; sourceTree = "<group>"; };
		7C92D6E32BD808010021AC66 /* EditProfileViewModel.swift */ = {isa = PBXFileReference; lastKnownFileType = sourcecode.swift; path = EditProfileViewModel.swift; sourceTree = "<group>"; };
		7C92D6E62BD811FD0021AC66 /* ProfileEditRequest.swift */ = {isa = PBXFileReference; lastKnownFileType = sourcecode.swift; path = ProfileEditRequest.swift; sourceTree = "<group>"; };
		7C92D6E82BD819C60021AC66 /* CommentCell.swift */ = {isa = PBXFileReference; lastKnownFileType = sourcecode.swift; path = CommentCell.swift; sourceTree = "<group>"; };
		7C92D6ED2BD911720021AC66 /* PaddingLabel.swift */ = {isa = PBXFileReference; lastKnownFileType = sourcecode.swift; path = PaddingLabel.swift; sourceTree = "<group>"; };
		7C9E2DEC2BE4D4EC00FD81E3 /* SSConst.swift */ = {isa = PBXFileReference; lastKnownFileType = sourcecode.swift; path = SSConst.swift; sourceTree = "<group>"; };
		7C9E2DEF2BE4D54200FD81E3 /* APISetting.swift */ = {isa = PBXFileReference; lastKnownFileType = sourcecode.swift; path = APISetting.swift; sourceTree = "<group>"; };
		7C9E2DF52BE4DD5700FD81E3 /* LocationManager.swift */ = {isa = PBXFileReference; lastKnownFileType = sourcecode.swift; path = LocationManager.swift; sourceTree = "<group>"; };
		7C9E2DF72BE52A5900FD81E3 /* TitleView.swift */ = {isa = PBXFileReference; lastKnownFileType = sourcecode.swift; path = TitleView.swift; sourceTree = "<group>"; };
		7CA35D7B2BE6A65400E35AFA /* UserConnentView.swift */ = {isa = PBXFileReference; lastKnownFileType = sourcecode.swift; path = UserConnentView.swift; sourceTree = "<group>"; };
		7CA35D7D2BE6B33B00E35AFA /* CustomMarkerView.swift */ = {isa = PBXFileReference; lastKnownFileType = sourcecode.swift; path = CustomMarkerView.swift; sourceTree = "<group>"; };
		7CA35D832BE7533100E35AFA /* Payments.swift */ = {isa = PBXFileReference; lastKnownFileType = sourcecode.swift; path = Payments.swift; sourceTree = "<group>"; };
		7CA35D852BE7599700E35AFA /* PaymentsRouter.swift */ = {isa = PBXFileReference; lastKnownFileType = sourcecode.swift; path = PaymentsRouter.swift; sourceTree = "<group>"; };
		7CA35D882BE75B1600E35AFA /* PaymentsRequest.swift */ = {isa = PBXFileReference; lastKnownFileType = sourcecode.swift; path = PaymentsRequest.swift; sourceTree = "<group>"; };
		7CA35D8B2BE75BD500E35AFA /* PaymentsResponse.swift */ = {isa = PBXFileReference; lastKnownFileType = sourcecode.swift; path = PaymentsResponse.swift; sourceTree = "<group>"; };
		7CA35D8F2BE75E5900E35AFA /* PaymentsEntity.swift */ = {isa = PBXFileReference; lastKnownFileType = sourcecode.swift; path = PaymentsEntity.swift; sourceTree = "<group>"; };
		7CA35D912BE75E8200E35AFA /* PaymentsAPIService.swift */ = {isa = PBXFileReference; lastKnownFileType = sourcecode.swift; path = PaymentsAPIService.swift; sourceTree = "<group>"; };
		7CA35D932BE75F5300E35AFA /* PaymentsRepository.swift */ = {isa = PBXFileReference; lastKnownFileType = sourcecode.swift; path = PaymentsRepository.swift; sourceTree = "<group>"; };
		7CCB4BB92BE36F0100A96C7B /* ProfileEntity.swift */ = {isa = PBXFileReference; lastKnownFileType = sourcecode.swift; path = ProfileEntity.swift; sourceTree = "<group>"; };
		7CCB4BBC2BE37D3D00A96C7B /* ProfileRepository.swift */ = {isa = PBXFileReference; lastKnownFileType = sourcecode.swift; path = ProfileRepository.swift; sourceTree = "<group>"; };
		7CCB4BBF2BE3937900A96C7B /* CommentViewController.swift */ = {isa = PBXFileReference; lastKnownFileType = sourcecode.swift; path = CommentViewController.swift; sourceTree = "<group>"; };
		7CCB4BC12BE3A9D000A96C7B /* CommentViewModel.swift */ = {isa = PBXFileReference; lastKnownFileType = sourcecode.swift; path = CommentViewModel.swift; sourceTree = "<group>"; };
		7CCBCF952BCFBBAB00B3641D /* ReadPostsQuery.swift */ = {isa = PBXFileReference; lastKnownFileType = sourcecode.swift; path = ReadPostsQuery.swift; sourceTree = "<group>"; };
		7CCBCF972BCFBBFF00B3641D /* ReadPostsResponse.swift */ = {isa = PBXFileReference; lastKnownFileType = sourcecode.swift; path = ReadPostsResponse.swift; sourceTree = "<group>"; };
		7CCBCF992BCFC67900B3641D /* CommentRouter.swift */ = {isa = PBXFileReference; lastKnownFileType = sourcecode.swift; path = CommentRouter.swift; sourceTree = "<group>"; };
		7CCBCF9B2BCFC79C00B3641D /* CommentsAPIService.swift */ = {isa = PBXFileReference; lastKnownFileType = sourcecode.swift; path = CommentsAPIService.swift; sourceTree = "<group>"; };
		7CCBCF9E2BCFC95D00B3641D /* PostCommentResponse.swift */ = {isa = PBXFileReference; lastKnownFileType = sourcecode.swift; path = PostCommentResponse.swift; sourceTree = "<group>"; };
		7CCBCFA12BCFCA4200B3641D /* LikeRouter.swift */ = {isa = PBXFileReference; lastKnownFileType = sourcecode.swift; path = LikeRouter.swift; sourceTree = "<group>"; };
		7CCBCFA42BCFCB6900B3641D /* LikeStatusResponse.swift */ = {isa = PBXFileReference; lastKnownFileType = sourcecode.swift; path = LikeStatusResponse.swift; sourceTree = "<group>"; };
		7CCBCFA62BCFCB7800B3641D /* LikeAPIService.swift */ = {isa = PBXFileReference; lastKnownFileType = sourcecode.swift; path = LikeAPIService.swift; sourceTree = "<group>"; };
		7CCBCFA92BCFCD8600B3641D /* LikePostQuery.swift */ = {isa = PBXFileReference; lastKnownFileType = sourcecode.swift; path = LikePostQuery.swift; sourceTree = "<group>"; };
		7CCBCFAB2BCFCE1200B3641D /* FollowRouter.swift */ = {isa = PBXFileReference; lastKnownFileType = sourcecode.swift; path = FollowRouter.swift; sourceTree = "<group>"; };
		7CCBCFAE2BCFCF7900B3641D /* FollowResponse.swift */ = {isa = PBXFileReference; lastKnownFileType = sourcecode.swift; path = FollowResponse.swift; sourceTree = "<group>"; };
		7CCBCFB02BCFCFAD00B3641D /* FollowAPIService.swift */ = {isa = PBXFileReference; lastKnownFileType = sourcecode.swift; path = FollowAPIService.swift; sourceTree = "<group>"; };
		7CCBCFB22BCFDED100B3641D /* ProfileRouter.swift */ = {isa = PBXFileReference; lastKnownFileType = sourcecode.swift; path = ProfileRouter.swift; sourceTree = "<group>"; };
		7CCBCFB42BCFE16600B3641D /* ProfileAPIService.swift */ = {isa = PBXFileReference; lastKnownFileType = sourcecode.swift; path = ProfileAPIService.swift; sourceTree = "<group>"; };
		7CCBCFB72BCFE18100B3641D /* ProfileResponse.swift */ = {isa = PBXFileReference; lastKnownFileType = sourcecode.swift; path = ProfileResponse.swift; sourceTree = "<group>"; };
		7CD29C8E2BCE56EA00A45268 /* Toast.swift */ = {isa = PBXFileReference; lastKnownFileType = sourcecode.swift; path = Toast.swift; sourceTree = "<group>"; };
		7CD29C902BCE9DBF00A45268 /* FeedCell.swift */ = {isa = PBXFileReference; lastKnownFileType = sourcecode.swift; path = FeedCell.swift; sourceTree = "<group>"; };
		7CD29C952BCEA9B700A45268 /* PostViewController.swift */ = {isa = PBXFileReference; lastKnownFileType = sourcecode.swift; path = PostViewController.swift; sourceTree = "<group>"; };
		7CD29C972BCEA9C700A45268 /* PoseViewModel.swift */ = {isa = PBXFileReference; lastKnownFileType = sourcecode.swift; path = PoseViewModel.swift; sourceTree = "<group>"; };
		7CE916852BDB9921007B1431 /* MainFeedCell.swift */ = {isa = PBXFileReference; lastKnownFileType = sourcecode.swift; path = MainFeedCell.swift; sourceTree = "<group>"; };
		7CE916872BDB9938007B1431 /* MainFeedCellViewModel.swift */ = {isa = PBXFileReference; lastKnownFileType = sourcecode.swift; path = MainFeedCellViewModel.swift; sourceTree = "<group>"; };
		7CE916892BDBA21F007B1431 /* MainFeedBaseView.swift */ = {isa = PBXFileReference; lastKnownFileType = sourcecode.swift; path = MainFeedBaseView.swift; sourceTree = "<group>"; };
		7CE9168B2BDBA31F007B1431 /* MapDetailViewController.swift */ = {isa = PBXFileReference; lastKnownFileType = sourcecode.swift; path = MapDetailViewController.swift; sourceTree = "<group>"; };
		7CE9168D2BDBA563007B1431 /* MapDetailViewModel.swift */ = {isa = PBXFileReference; lastKnownFileType = sourcecode.swift; path = MapDetailViewModel.swift; sourceTree = "<group>"; };
		7CEFD0E02BDE2D4F002583E9 /* PostRepository.swift */ = {isa = PBXFileReference; lastKnownFileType = sourcecode.swift; path = PostRepository.swift; sourceTree = "<group>"; };
		7CEFD0E32BDE33C5002583E9 /* ContentEntity.swift */ = {isa = PBXFileReference; lastKnownFileType = sourcecode.swift; path = ContentEntity.swift; sourceTree = "<group>"; };
		7CEFD0E52BDE33FD002583E9 /* ReadPostEntity.swift */ = {isa = PBXFileReference; lastKnownFileType = sourcecode.swift; path = ReadPostEntity.swift; sourceTree = "<group>"; };
		7CFC8B032BD108AF00F713E1 /* MenuButton.swift */ = {isa = PBXFileReference; lastKnownFileType = sourcecode.swift; path = MenuButton.swift; sourceTree = "<group>"; };
/* End PBXFileReference section */

/* Begin PBXFrameworksBuildPhase section */
		7C18EC8C2BC677F900F061DE /* Frameworks */ = {
			isa = PBXFrameworksBuildPhase;
			buildActionMask = 2147483647;
			files = (
				7C18ECDE2BC6991B00F061DE /* Kingfisher in Frameworks */,
				7C18ECAA2BC6790600F061DE /* RxSwift in Frameworks */,
				7CDCB95D2BE247F200A3ED55 /* RxGesture in Frameworks */,
				7C18ECA82BC6790600F061DE /* RxCocoa in Frameworks */,
				7C18ECAF2BC6792600F061DE /* RxMoya in Frameworks */,
				7CCB4BC52BE3B8B700A96C7B /* IQKeyboardManagerSwift in Frameworks */,
				7C9E2DF32BE4D86400FD81E3 /* MarqueeLabel in Frameworks */,
				7C2AE00A2BD51E4500DA2C1F /* RxDataSources in Frameworks */,
				7C18ECAD2BC6792600F061DE /* Moya in Frameworks */,
				7C18ECDB2BC6990E00F061DE /* SnapKit in Frameworks */,
				7CA35D812BE7522200E35AFA /* iamport-ios in Frameworks */,
			);
			runOnlyForDeploymentPostprocessing = 0;
		};
/* End PBXFrameworksBuildPhase section */

/* Begin PBXGroup section */
		7C0ADCA92BC91FE8002DAEA7 /* Request */ = {
			isa = PBXGroup;
			children = (
				7CA35D872BE75B0A00E35AFA /* Payments */,
				7C92D6E52BD811F50021AC66 /* Profile */,
				7CCBCFA82BCFCD7B00B3641D /* Like */,
				7CCBCF932BCFBB3400B3641D /* ReadPosts */,
				7C0ADCC72BC92B3A002DAEA7 /* UploadPosts */,
				7C0ADCBC2BC92124002DAEA7 /* Join */,
				7C0ADCBD2BC92128002DAEA7 /* Login */,
			);
			path = Request;
			sourceTree = "<group>";
		};
		7C0ADCAA2BC91FEF002DAEA7 /* Response */ = {
			isa = PBXGroup;
			children = (
				7CA35D8A2BE75BCA00E35AFA /* Payments */,
				7CCBCFB62BCFE17A00B3641D /* Profile */,
				7CCBCFAD2BCFCF7200B3641D /* Follow */,
				7CCBCFA32BCFCB6000B3641D /* Like */,
				7CCBCF9D2BCFC80800B3641D /* PostComments */,
				7CCBCF942BCFBB3D00B3641D /* ReadPosts */,
				7C0ADCCA2BC92B63002DAEA7 /* UploadPosts */,
				7C0ADCBE2BC92133002DAEA7 /* Join */,
				7C0ADCBF2BC92136002DAEA7 /* Login */,
				7C0ADCC12BC9214D002DAEA7 /* RefreshToken */,
				7C0ADCC02BC9213F002DAEA7 /* Withdraw */,
			);
			path = Response;
			sourceTree = "<group>";
		};
		7C0ADCAC2BC9200A002DAEA7 /* Router */ = {
			isa = PBXGroup;
			children = (
				7C18ECE32BC6998400F061DE /* UserRouter.swift */,
				7C0ADCC22BC92183002DAEA7 /* PostsRouter.swift */,
				7CCBCF992BCFC67900B3641D /* CommentRouter.swift */,
				7CCBCFA12BCFCA4200B3641D /* LikeRouter.swift */,
				7CCBCFAB2BCFCE1200B3641D /* FollowRouter.swift */,
				7CCBCFB22BCFDED100B3641D /* ProfileRouter.swift */,
				7CA35D852BE7599700E35AFA /* PaymentsRouter.swift */,
			);
			path = Router;
			sourceTree = "<group>";
		};
		7C0ADCBC2BC92124002DAEA7 /* Join */ = {
			isa = PBXGroup;
			children = (
				7C0ADCAE2BC9203D002DAEA7 /* UserJoinRequest.swift */,
				7C0ADCB22BC92077002DAEA7 /* UserJoinEmailValidationRequest.swift */,
			);
			path = Join;
			sourceTree = "<group>";
		};
		7C0ADCBD2BC92128002DAEA7 /* Login */ = {
			isa = PBXGroup;
			children = (
				7C0ADCB62BC920A2002DAEA7 /* LoginRequest.swift */,
			);
			path = Login;
			sourceTree = "<group>";
		};
		7C0ADCBE2BC92133002DAEA7 /* Join */ = {
			isa = PBXGroup;
			children = (
				7C0ADCB02BC92067002DAEA7 /* UserJoinResponse.swift */,
				7C0ADCB42BC92090002DAEA7 /* UserJoinEmailValidationResponse.swift */,
			);
			path = Join;
			sourceTree = "<group>";
		};
		7C0ADCBF2BC92136002DAEA7 /* Login */ = {
			isa = PBXGroup;
			children = (
				7C0ADCB82BC920B4002DAEA7 /* LoginResponse.swift */,
			);
			path = Login;
			sourceTree = "<group>";
		};
		7C0ADCC02BC9213F002DAEA7 /* Withdraw */ = {
			isa = PBXGroup;
			children = (
				7C18ECFA2BC7FB7400F061DE /* WithdrawResponse.swift */,
			);
			path = Withdraw;
			sourceTree = "<group>";
		};
		7C0ADCC12BC9214D002DAEA7 /* RefreshToken */ = {
			isa = PBXGroup;
			children = (
				7C0ADCBA2BC920CC002DAEA7 /* RefreshTokenResponse.swift */,
			);
			path = RefreshToken;
			sourceTree = "<group>";
		};
		7C0ADCC42BC9262B002DAEA7 /* APIService */ = {
			isa = PBXGroup;
			children = (
				7C0ADCD12BC93923002DAEA7 /* TokenInterceptor.swift */,
				7C18ECBA2BC679AA00F061DE /* UserAPIManager.swift */,
				7C0ADCC52BC92647002DAEA7 /* PostsAPIService.swift */,
				7CCBCF9B2BCFC79C00B3641D /* CommentsAPIService.swift */,
				7CCBCFA62BCFCB7800B3641D /* LikeAPIService.swift */,
				7CCBCFB02BCFCFAD00B3641D /* FollowAPIService.swift */,
				7CCBCFB42BCFE16600B3641D /* ProfileAPIService.swift */,
				7CA35D912BE75E8200E35AFA /* PaymentsAPIService.swift */,
			);
			path = APIService;
			sourceTree = "<group>";
		};
		7C0ADCC72BC92B3A002DAEA7 /* UploadPosts */ = {
			isa = PBXGroup;
			children = (
				7C0ADCC82BC92B52002DAEA7 /* UploadImageDatasRequest.swift */,
				7C0ADCCF2BC92BA9002DAEA7 /* UploadContentRequest.swift */,
			);
			path = UploadPosts;
			sourceTree = "<group>";
		};
		7C0ADCCA2BC92B63002DAEA7 /* UploadPosts */ = {
			isa = PBXGroup;
			children = (
				7C0ADCCB2BC92B76002DAEA7 /* UploadImageResponse.swift */,
				7C0ADCCD2BC92B85002DAEA7 /* UploadContentResponse.swift */,
			);
			path = UploadPosts;
			sourceTree = "<group>";
		};
		7C18EC862BC677F900F061DE = {
			isa = PBXGroup;
			children = (
				7C18EC912BC677F900F061DE /* SangbooSangzo */,
				7C18EC902BC677F900F061DE /* Products */,
			);
			sourceTree = "<group>";
		};
		7C18EC902BC677F900F061DE /* Products */ = {
			isa = PBXGroup;
			children = (
				7C18EC8F2BC677F900F061DE /* SangbooSangzo.app */,
			);
			name = Products;
			sourceTree = "<group>";
		};
		7C18EC912BC677F900F061DE /* SangbooSangzo */ = {
			isa = PBXGroup;
			children = (
				7C18ECD72BC698CA00F061DE /* App */,
				7C18ECCE2BC6980200F061DE /* Data */,
				7CD1CF7C2BDF701D00B7BBA2 /* Domain */,
				7C18ECCC2BC697EE00F061DE /* Presenter */,
				7C18ECD42BC6989E00F061DE /* Manager */,
				7CD1CF762BDF626600B7BBA2 /* CommonUI */,
				7C18ECE72BC69A5800F061DE /* Builder */,
				7CD29C8D2BCE56CA00A45268 /* Const */,
				7C18ECB62BC6798600F061DE /* Base */,
				7C18ECCF2BC6981000F061DE /* Protocol */,
				7C18ECBC2BC679D300F061DE /* Extension */,
				7C18ECD82BC698D200F061DE /* Resources */,
				7C18ECA02BC677FA00F061DE /* Info.plist */,
				7C18ECEC2BC7F01400F061DE /* .gitignore */,
			);
			path = SangbooSangzo;
			sourceTree = "<group>";
		};
		7C18ECB62BC6798600F061DE /* Base */ = {
			isa = PBXGroup;
			children = (
				7C18ECC62BC6978500F061DE /* BaseView.swift */,
				7C8EA1EB2BD7E43000495981 /* BaseTableViewCell.swift */,
				7C18ECCA2BC697BF00F061DE /* RxBaseCollectionViewCell.swift */,
				7C18ECB72BC6799300F061DE /* RxBaseViewController.swift */,
			);
			path = Base;
			sourceTree = "<group>";
		};
		7C18ECB92BC679A100F061DE /* Network */ = {
			isa = PBXGroup;
			children = (
				7CA35D822BE7532700E35AFA /* Payments */,
				7C0ADCC42BC9262B002DAEA7 /* APIService */,
				7C0ADCAC2BC9200A002DAEA7 /* Router */,
				7C9E2DEE2BE4D53100FD81E3 /* APISetting */,
			);
			path = Network;
			sourceTree = "<group>";
		};
		7C18ECBC2BC679D300F061DE /* Extension */ = {
			isa = PBXGroup;
			children = (
				7C18ECBD2BC679DD00F061DE /* Then+.swift */,
				7C18ECC32BC67EC200F061DE /* UIView+.swift */,
				7C1C50282BCD062E0066CBCA /* UIColor+.swift */,
				7C21F5F12BD23E9A00D52383 /* Reactive+.swift */,
				7C21F5FC2BD28F1700D52383 /* KF+.swift */,
				7C2ADFF72BD3FEFB00DA2C1F /* UIImage+.swift */,
			);
			path = Extension;
			sourceTree = "<group>";
		};
		7C18ECCC2BC697EE00F061DE /* Presenter */ = {
			isa = PBXGroup;
			children = (
				7C1C50052BCCFDAE0066CBCA /* AppCoordinator.swift */,
				7C18ECFE2BC8056A00F061DE /* AuthScene */,
				7C6AA5AC2BE215660048E42E /* MainTabScene */,
				7C1C50072BCCFDFC0066CBCA /* FeedScene */,
				7C1C50082BCCFE110066CBCA /* MapScene */,
				7C1C50092BCCFE1C0066CBCA /* InfoScene */,
			);
			path = Presenter;
			sourceTree = "<group>";
		};
		7C18ECCD2BC697F800F061DE /* Repository */ = {
			isa = PBXGroup;
			children = (
				7CCB4BBC2BE37D3D00A96C7B /* ProfileRepository.swift */,
				7CEFD0E02BDE2D4F002583E9 /* PostRepository.swift */,
				7C7D88532BE22E8C005A06EB /* CommentRepository.swift */,
				7C7D88552BE2344A005A06EB /* LikeRepository.swift */,
				7CA35D932BE75F5300E35AFA /* PaymentsRepository.swift */,
			);
			path = Repository;
			sourceTree = "<group>";
		};
		7C18ECCE2BC6980200F061DE /* Data */ = {
			isa = PBXGroup;
			children = (
				7CDCB95A2BE2461500A3ED55 /* Model */,
				7C18ECB92BC679A100F061DE /* Network */,
				7C18ECCD2BC697F800F061DE /* Repository */,
			);
			path = Data;
			sourceTree = "<group>";
		};
		7C18ECCF2BC6981000F061DE /* Protocol */ = {
			isa = PBXGroup;
			children = (
				7C18ECD02BC6982000F061DE /* ViewModel.swift */,
				7C18ECE52BC699D300F061DE /* Coordinator.swift */,
			);
			path = Protocol;
			sourceTree = "<group>";
		};
		7C18ECD42BC6989E00F061DE /* Manager */ = {
			isa = PBXGroup;
			children = (
				7C18ECD52BC698A800F061DE /* UserDefaultsManager.swift */,
				7C9E2DF52BE4DD5700FD81E3 /* LocationManager.swift */,
				7C418C392BE0E43A00583C5C /* DateFormatterManager.swift */,
			);
			path = Manager;
			sourceTree = "<group>";
		};
		7C18ECD72BC698CA00F061DE /* App */ = {
			isa = PBXGroup;
			children = (
				7C18EC922BC677F900F061DE /* AppDelegate.swift */,
				7C18EC942BC677F900F061DE /* SceneDelegate.swift */,
			);
			path = App;
			sourceTree = "<group>";
		};
		7C18ECD82BC698D200F061DE /* Resources */ = {
			isa = PBXGroup;
			children = (
				7C2AE0022BD515EE00DA2C1F /* Font */,
				7C18EC9B2BC677FA00F061DE /* Assets.xcassets */,
				7C18EC9D2BC677FA00F061DE /* LaunchScreen.storyboard */,
			);
			path = Resources;
			sourceTree = "<group>";
		};
		7C18ECE72BC69A5800F061DE /* Builder */ = {
			isa = PBXGroup;
			children = (
				7C18ECE82BC69A6E00F061DE /* AlertBuilder.swift */,
			);
			path = Builder;
			sourceTree = "<group>";
		};
		7C18ECFE2BC8056A00F061DE /* AuthScene */ = {
			isa = PBXGroup;
			children = (
				7C1C50222BCD028A0066CBCA /* AuthCoordinator.swift */,
				7CD1CF782BDF62CC00B7BBA2 /* Login */,
				7CD1CF792BDF62D300B7BBA2 /* SignIn */,
			);
			path = AuthScene;
			sourceTree = "<group>";
		};
		7C1C50072BCCFDFC0066CBCA /* FeedScene */ = {
			isa = PBXGroup;
			children = (
				7C1C500A2BCCFE310066CBCA /* FeedCoordinator.swift */,
				7CD1CF6A2BDF615E00B7BBA2 /* Feed */,
				7C21F5F52BD28C0700D52383 /* DetailFeed */,
				7CD29C922BCEA9A700A45268 /* Post */,
			);
			path = FeedScene;
			sourceTree = "<group>";
		};
		7C1C50082BCCFE110066CBCA /* MapScene */ = {
			isa = PBXGroup;
			children = (
				7C1C50122BCCFF1F0066CBCA /* MapCoordinator.swift */,
				7CD1CF6C2BDF61EE00B7BBA2 /* Map */,
				7CD1CF6D2BDF61F300B7BBA2 /* MapDetail */,
			);
			path = MapScene;
			sourceTree = "<group>";
		};
		7C1C50092BCCFE1C0066CBCA /* InfoScene */ = {
			isa = PBXGroup;
			children = (
				7C1C501A2BCCFFC40066CBCA /* InfoCoordinator.swift */,
				7CA35D782BE69EB100E35AFA /* Feed */,
				7CD1CF702BDF621300B7BBA2 /* Info */,
				7CD1CF732BDF622B00B7BBA2 /* Setting */,
				7CD1CF772BDF627500B7BBA2 /* EditProfile */,
			);
			path = InfoScene;
			sourceTree = "<group>";
		};
		7C1C500C2BCCFE490066CBCA /* View */ = {
			isa = PBXGroup;
			children = (
				7CE916892BDBA21F007B1431 /* MainFeedBaseView.swift */,
				7C1C500E2BCCFE5A0066CBCA /* FeedViewController.swift */,
				7C418C3B2BE0E79600583C5C /* Cell */,
			);
			path = View;
			sourceTree = "<group>";
		};
		7C1C500D2BCCFE4C0066CBCA /* ViewModel */ = {
			isa = PBXGroup;
			children = (
				7C1C50102BCCFE740066CBCA /* FeedViewModel.swift */,
				7CE916872BDB9938007B1431 /* MainFeedCellViewModel.swift */,
			);
			path = ViewModel;
			sourceTree = "<group>";
		};
		7C1C50142BCCFF220066CBCA /* ViewModel */ = {
			isa = PBXGroup;
			children = (
				7C1C50182BCCFF4F0066CBCA /* MapViewModel.swift */,
			);
			path = ViewModel;
			sourceTree = "<group>";
		};
		7C1C50152BCCFF250066CBCA /* View */ = {
			isa = PBXGroup;
			children = (
				7C1C50162BCCFF2C0066CBCA /* MapViewController.swift */,
				7CD1CF6B2BDF618B00B7BBA2 /* CustomAnnotaion */,
			);
			path = View;
			sourceTree = "<group>";
		};
		7C1C501C2BCCFFFF0066CBCA /* ViewModel */ = {
			isa = PBXGroup;
			children = (
				7C92D6E32BD808010021AC66 /* EditProfileViewModel.swift */,
			);
			path = ViewModel;
			sourceTree = "<group>";
		};
		7C1C501D2BCD00020066CBCA /* View */ = {
			isa = PBXGroup;
			children = (
				7C92D6E12BD807E50021AC66 /* EditProfileViewController.swift */,
			);
			path = View;
			sourceTree = "<group>";
		};
		7C1C50242BCD028D0066CBCA /* ViewModel */ = {
			isa = PBXGroup;
			children = (
				7C1C50262BCD02A50066CBCA /* LoginViewModel.swift */,
			);
			path = ViewModel;
			sourceTree = "<group>";
		};
		7C1C50252BCD02920066CBCA /* View */ = {
			isa = PBXGroup;
			children = (
				7C18ECFC2BC8056600F061DE /* LoginViewController.swift */,
			);
			path = View;
			sourceTree = "<group>";
		};
		7C21F5F52BD28C0700D52383 /* DetailFeed */ = {
			isa = PBXGroup;
			children = (
				7C21F5F92BD28C5000D52383 /* View */,
				7C21F5F82BD28C4D00D52383 /* ViewModel */,
			);
			path = DetailFeed;
			sourceTree = "<group>";
		};
		7C21F5F82BD28C4D00D52383 /* ViewModel */ = {
			isa = PBXGroup;
			children = (
				7C21F5FA2BD28C5C00D52383 /* DetailFeedViewModel.swift */,
				7CCB4BC12BE3A9D000A96C7B /* CommentViewModel.swift */,
			);
			path = ViewModel;
			sourceTree = "<group>";
		};
		7C21F5F92BD28C5000D52383 /* View */ = {
			isa = PBXGroup;
			children = (
				7C6934DF2BDD3BDE00CE7469 /* DetailFeedView.swift */,
				7C21F5F62BD28C1600D52383 /* DetailFeedViewController.swift */,
				7CCB4BBF2BE3937900A96C7B /* CommentViewController.swift */,
				7CDCB95E2BE2490000A3ED55 /* Cell */,
			);
			path = View;
			sourceTree = "<group>";
		};
		7C2AE0022BD515EE00DA2C1F /* Font */ = {
			isa = PBXGroup;
			children = (
				7C2ADFFD2BD515EE00DA2C1F /* Pretendard-Bold.otf */,
				7C2ADFFE2BD515EE00DA2C1F /* Pretendard-Light.otf */,
				7C2ADFFF2BD515EE00DA2C1F /* Pretendard-Medium.otf */,
				7C2AE0002BD515EE00DA2C1F /* Pretendard-Regular.otf */,
				7C2AE0012BD515EE00DA2C1F /* Pretendard-SemiBold.otf */,
			);
			path = Font;
			sourceTree = "<group>";
		};
		7C418C3B2BE0E79600583C5C /* Cell */ = {
			isa = PBXGroup;
			children = (
				7CE916852BDB9921007B1431 /* MainFeedCell.swift */,
			);
			path = Cell;
			sourceTree = "<group>";
		};
		7C6AA5AB2BE212EF0048E42E /* Cell */ = {
			isa = PBXGroup;
			children = (
				7C8EA1E82BD7E41400495981 /* SettingCell.swift */,
			);
			path = Cell;
			sourceTree = "<group>";
		};
		7C6AA5AC2BE215660048E42E /* MainTabScene */ = {
			isa = PBXGroup;
			children = (
				7C6AA5AD2BE2157E0048E42E /* MainTabCoordinator.swift */,
			);
			path = MainTabScene;
			sourceTree = "<group>";
		};
		7C92D6E52BD811F50021AC66 /* Profile */ = {
			isa = PBXGroup;
			children = (
				7C92D6E62BD811FD0021AC66 /* ProfileEditRequest.swift */,
			);
			path = Profile;
			sourceTree = "<group>";
		};
		7C9E2DEE2BE4D53100FD81E3 /* APISetting */ = {
			isa = PBXGroup;
			children = (
				7C18ECF02BC7F11B00F061DE /* HTTPHeader.swift */,
				7C9E2DEF2BE4D54200FD81E3 /* APISetting.swift */,
				7C18ECEE2BC7F04100F061DE /* APIKey.swift */,
			);
			path = APISetting;
			sourceTree = "<group>";
		};
		7CA35D782BE69EB100E35AFA /* Feed */ = {
			isa = PBXGroup;
			children = (
				7CA35D7A2BE69EBB00E35AFA /* View */,
				7CA35D792BE69EB600E35AFA /* ViewModel */,
			);
			path = Feed;
			sourceTree = "<group>";
		};
		7CA35D792BE69EB600E35AFA /* ViewModel */ = {
			isa = PBXGroup;
			children = (
				7C2AE00C2BD56F9000DA2C1F /* FeedCellViewModel.swift */,
			);
			path = ViewModel;
			sourceTree = "<group>";
		};
		7CA35D7A2BE69EBB00E35AFA /* View */ = {
			isa = PBXGroup;
			children = (
				7CD29C902BCE9DBF00A45268 /* FeedCell.swift */,
			);
			path = View;
			sourceTree = "<group>";
		};
		7CA35D822BE7532700E35AFA /* Payments */ = {
			isa = PBXGroup;
			children = (
				7CA35D832BE7533100E35AFA /* Payments.swift */,
			);
			path = Payments;
			sourceTree = "<group>";
		};
		7CA35D872BE75B0A00E35AFA /* Payments */ = {
			isa = PBXGroup;
			children = (
				7CA35D882BE75B1600E35AFA /* PaymentsRequest.swift */,
			);
			path = Payments;
			sourceTree = "<group>";
		};
		7CA35D8A2BE75BCA00E35AFA /* Payments */ = {
			isa = PBXGroup;
			children = (
				7CA35D8B2BE75BD500E35AFA /* PaymentsResponse.swift */,
			);
			path = Payments;
			sourceTree = "<group>";
		};
		7CCBCF932BCFBB3400B3641D /* ReadPosts */ = {
			isa = PBXGroup;
			children = (
				7CCBCF952BCFBBAB00B3641D /* ReadPostsQuery.swift */,
			);
			path = ReadPosts;
			sourceTree = "<group>";
		};
		7CCBCF942BCFBB3D00B3641D /* ReadPosts */ = {
			isa = PBXGroup;
			children = (
				7CCBCF972BCFBBFF00B3641D /* ReadPostsResponse.swift */,
			);
			path = ReadPosts;
			sourceTree = "<group>";
		};
		7CCBCF9D2BCFC80800B3641D /* PostComments */ = {
			isa = PBXGroup;
			children = (
				7CCBCF9E2BCFC95D00B3641D /* PostCommentResponse.swift */,
			);
			path = PostComments;
			sourceTree = "<group>";
		};
		7CCBCFA32BCFCB6000B3641D /* Like */ = {
			isa = PBXGroup;
			children = (
				7CCBCFA42BCFCB6900B3641D /* LikeStatusResponse.swift */,
			);
			path = Like;
			sourceTree = "<group>";
		};
		7CCBCFA82BCFCD7B00B3641D /* Like */ = {
			isa = PBXGroup;
			children = (
				7CCBCFA92BCFCD8600B3641D /* LikePostQuery.swift */,
			);
			path = Like;
			sourceTree = "<group>";
		};
		7CCBCFAD2BCFCF7200B3641D /* Follow */ = {
			isa = PBXGroup;
			children = (
				7CCBCFAE2BCFCF7900B3641D /* FollowResponse.swift */,
			);
			path = Follow;
			sourceTree = "<group>";
		};
		7CCBCFB62BCFE17A00B3641D /* Profile */ = {
			isa = PBXGroup;
			children = (
				7CCBCFB72BCFE18100B3641D /* ProfileResponse.swift */,
			);
			path = Profile;
			sourceTree = "<group>";
		};
		7CD1CF6A2BDF615E00B7BBA2 /* Feed */ = {
			isa = PBXGroup;
			children = (
				7C1C500C2BCCFE490066CBCA /* View */,
				7C1C500D2BCCFE4C0066CBCA /* ViewModel */,
			);
			path = Feed;
			sourceTree = "<group>";
		};
		7CD1CF6B2BDF618B00B7BBA2 /* CustomAnnotaion */ = {
			isa = PBXGroup;
			children = (
				7C1C502A2BCD0A980066CBCA /* SSAnnotation.swift */,
				7C1C502C2BCD0B280066CBCA /* SSAnnotationView.swift */,
				7CA35D7D2BE6B33B00E35AFA /* CustomMarkerView.swift */,
			);
			path = CustomAnnotaion;
			sourceTree = "<group>";
		};
		7CD1CF6C2BDF61EE00B7BBA2 /* Map */ = {
			isa = PBXGroup;
			children = (
				7C1C50152BCCFF250066CBCA /* View */,
				7C1C50142BCCFF220066CBCA /* ViewModel */,
			);
			path = Map;
			sourceTree = "<group>";
		};
		7CD1CF6D2BDF61F300B7BBA2 /* MapDetail */ = {
			isa = PBXGroup;
			children = (
				7CD1CF6E2BDF61FC00B7BBA2 /* View */,
				7CD1CF6F2BDF61FF00B7BBA2 /* ViewModel */,
			);
			path = MapDetail;
			sourceTree = "<group>";
		};
		7CD1CF6E2BDF61FC00B7BBA2 /* View */ = {
			isa = PBXGroup;
			children = (
				7CE9168B2BDBA31F007B1431 /* MapDetailViewController.swift */,
			);
			path = View;
			sourceTree = "<group>";
		};
		7CD1CF6F2BDF61FF00B7BBA2 /* ViewModel */ = {
			isa = PBXGroup;
			children = (
				7CE9168D2BDBA563007B1431 /* MapDetailViewModel.swift */,
			);
			path = ViewModel;
			sourceTree = "<group>";
		};
		7CD1CF702BDF621300B7BBA2 /* Info */ = {
			isa = PBXGroup;
			children = (
				7CD1CF722BDF621D00B7BBA2 /* View */,
				7CD1CF712BDF621700B7BBA2 /* ViewModel */,
			);
			path = Info;
			sourceTree = "<group>";
		};
		7CD1CF712BDF621700B7BBA2 /* ViewModel */ = {
			isa = PBXGroup;
			children = (
				7C1C50202BCD002B0066CBCA /* InfoViewModel.swift */,
			);
			path = ViewModel;
			sourceTree = "<group>";
		};
		7CD1CF722BDF621D00B7BBA2 /* View */ = {
			isa = PBXGroup;
			children = (
				7C1C501E2BCD000C0066CBCA /* InfoViewController.swift */,
			);
			path = View;
			sourceTree = "<group>";
		};
		7CD1CF732BDF622B00B7BBA2 /* Setting */ = {
			isa = PBXGroup;
			children = (
				7CD1CF752BDF623100B7BBA2 /* View */,
				7CD1CF742BDF622E00B7BBA2 /* ViewModel */,
			);
			path = Setting;
			sourceTree = "<group>";
		};
		7CD1CF742BDF622E00B7BBA2 /* ViewModel */ = {
			isa = PBXGroup;
			children = (
				7C8EA1E62BD7E14400495981 /* SettingViewModel.swift */,
			);
			path = ViewModel;
			sourceTree = "<group>";
		};
		7CD1CF752BDF623100B7BBA2 /* View */ = {
			isa = PBXGroup;
			children = (
				7C8EA1E42BD7E12900495981 /* SettingViewController.swift */,
				7C6AA5AB2BE212EF0048E42E /* Cell */,
			);
			path = View;
			sourceTree = "<group>";
		};
		7CD1CF762BDF626600B7BBA2 /* CommonUI */ = {
			isa = PBXGroup;
			children = (
				7CD29C8E2BCE56EA00A45268 /* Toast.swift */,
				7C2ADFF92BD5150B00DA2C1F /* UserProfileView.swift */,
				7CA35D7B2BE6A65400E35AFA /* UserConnentView.swift */,
				7C62A0B02BD62F9D00296BD7 /* ImageScrollView.swift */,
				7CFC8B032BD108AF00F713E1 /* MenuButton.swift */,
				7C92D6ED2BD911720021AC66 /* PaddingLabel.swift */,
				7C9E2DF72BE52A5900FD81E3 /* TitleView.swift */,
			);
			path = CommonUI;
			sourceTree = "<group>";
		};
		7CD1CF772BDF627500B7BBA2 /* EditProfile */ = {
			isa = PBXGroup;
			children = (
				7C1C501D2BCD00020066CBCA /* View */,
				7C1C501C2BCCFFFF0066CBCA /* ViewModel */,
			);
			path = EditProfile;
			sourceTree = "<group>";
		};
		7CD1CF782BDF62CC00B7BBA2 /* Login */ = {
			isa = PBXGroup;
			children = (
				7C1C50252BCD02920066CBCA /* View */,
				7C1C50242BCD028D0066CBCA /* ViewModel */,
			);
			path = Login;
			sourceTree = "<group>";
		};
		7CD1CF792BDF62D300B7BBA2 /* SignIn */ = {
			isa = PBXGroup;
			children = (
				7CD1CF7B2BDF62E300B7BBA2 /* View */,
				7CD1CF7A2BDF62E000B7BBA2 /* ViewModel */,
			);
			path = SignIn;
			sourceTree = "<group>";
		};
		7CD1CF7A2BDF62E000B7BBA2 /* ViewModel */ = {
			isa = PBXGroup;
			children = (
				7C1C50322BCD26EA0066CBCA /* SignInViewModel.swift */,
			);
			path = ViewModel;
			sourceTree = "<group>";
		};
		7CD1CF7B2BDF62E300B7BBA2 /* View */ = {
			isa = PBXGroup;
			children = (
				7C1C50302BCD26E30066CBCA /* SignInViewController.swift */,
			);
			path = View;
			sourceTree = "<group>";
		};
		7CD1CF7C2BDF701D00B7BBA2 /* Domain */ = {
			isa = PBXGroup;
			children = (
				7CEFD0E22BDE3371002583E9 /* Entity */,
			);
			path = Domain;
			sourceTree = "<group>";
		};
		7CD29C8D2BCE56CA00A45268 /* Const */ = {
			isa = PBXGroup;
			children = (
				7C2ADFFB2BD515D100DA2C1F /* SSFont.swift */,
				7C9E2DEC2BE4D4EC00FD81E3 /* SSConst.swift */,
			);
			path = Const;
			sourceTree = "<group>";
		};
		7CD29C922BCEA9A700A45268 /* Post */ = {
			isa = PBXGroup;
			children = (
				7CD29C942BCEA9AF00A45268 /* View */,
				7CD29C932BCEA9AB00A45268 /* ViewModel */,
			);
			path = Post;
			sourceTree = "<group>";
		};
		7CD29C932BCEA9AB00A45268 /* ViewModel */ = {
			isa = PBXGroup;
			children = (
				7CD29C972BCEA9C700A45268 /* PoseViewModel.swift */,
			);
			path = ViewModel;
			sourceTree = "<group>";
		};
		7CD29C942BCEA9AF00A45268 /* View */ = {
			isa = PBXGroup;
			children = (
				7CD29C952BCEA9B700A45268 /* PostViewController.swift */,
				7C21F5F32BD2522400D52383 /* PostImageCell.swift */,
			);
			path = View;
			sourceTree = "<group>";
		};
		7CDCB95A2BE2461500A3ED55 /* Model */ = {
			isa = PBXGroup;
			children = (
				7C18ECF22BC7F57A00F061DE /* UserData.swift */,
				7C0ADCA92BC91FE8002DAEA7 /* Request */,
				7C0ADCAA2BC91FEF002DAEA7 /* Response */,
			);
			path = Model;
			sourceTree = "<group>";
		};
		7CDCB95E2BE2490000A3ED55 /* Cell */ = {
			isa = PBXGroup;
			children = (
				7C92D6E82BD819C60021AC66 /* CommentCell.swift */,
			);
			path = Cell;
			sourceTree = "<group>";
		};
		7CEFD0E22BDE3371002583E9 /* Entity */ = {
			isa = PBXGroup;
			children = (
				7CCB4BB92BE36F0100A96C7B /* ProfileEntity.swift */,
				7CEFD0E32BDE33C5002583E9 /* ContentEntity.swift */,
				7CEFD0E52BDE33FD002583E9 /* ReadPostEntity.swift */,
				7C6AA5AF2BE229BF0048E42E /* CommentEntity.swift */,
				7C7D88572BE234F8005A06EB /* LikeEntity.swift */,
				7CA35D8F2BE75E5900E35AFA /* PaymentsEntity.swift */,
			);
			path = Entity;
			sourceTree = "<group>";
		};
/* End PBXGroup section */

/* Begin PBXNativeTarget section */
		7C18EC8E2BC677F900F061DE /* SangbooSangzo */ = {
			isa = PBXNativeTarget;
			buildConfigurationList = 7C18ECA32BC677FA00F061DE /* Build configuration list for PBXNativeTarget "SangbooSangzo" */;
			buildPhases = (
				7C18EC8B2BC677F900F061DE /* Sources */,
				7C18EC8C2BC677F900F061DE /* Frameworks */,
				7C18EC8D2BC677F900F061DE /* Resources */,
			);
			buildRules = (
			);
			dependencies = (
			);
			name = SangbooSangzo;
			packageProductDependencies = (
				7C18ECA72BC6790600F061DE /* RxCocoa */,
				7C18ECA92BC6790600F061DE /* RxSwift */,
				7C18ECAC2BC6792600F061DE /* Moya */,
				7C18ECAE2BC6792600F061DE /* RxMoya */,
				7C18ECDA2BC6990E00F061DE /* SnapKit */,
				7C18ECDD2BC6991B00F061DE /* Kingfisher */,
				7C2AE0092BD51E4500DA2C1F /* RxDataSources */,
				7CDCB95C2BE247F200A3ED55 /* RxGesture */,
				7CCB4BC42BE3B8B700A96C7B /* IQKeyboardManagerSwift */,
				7C9E2DF22BE4D86400FD81E3 /* MarqueeLabel */,
				7CA35D802BE7522200E35AFA /* iamport-ios */,
			);
			productName = SangbooSangzo;
			productReference = 7C18EC8F2BC677F900F061DE /* SangbooSangzo.app */;
			productType = "com.apple.product-type.application";
		};
/* End PBXNativeTarget section */

/* Begin PBXProject section */
		7C18EC872BC677F900F061DE /* Project object */ = {
			isa = PBXProject;
			attributes = {
				BuildIndependentTargetsInParallel = 1;
				LastSwiftUpdateCheck = 1530;
				LastUpgradeCheck = 1530;
				TargetAttributes = {
					7C18EC8E2BC677F900F061DE = {
						CreatedOnToolsVersion = 15.3;
					};
				};
			};
			buildConfigurationList = 7C18EC8A2BC677F900F061DE /* Build configuration list for PBXProject "SangbooSangzo" */;
			compatibilityVersion = "Xcode 14.0";
			developmentRegion = en;
			hasScannedForEncodings = 0;
			knownRegions = (
				en,
				Base,
			);
			mainGroup = 7C18EC862BC677F900F061DE;
			packageReferences = (
				7C18ECA62BC6790600F061DE /* XCRemoteSwiftPackageReference "RxSwift" */,
				7C18ECAB2BC6792600F061DE /* XCRemoteSwiftPackageReference "Moya" */,
				7C18ECD92BC6990E00F061DE /* XCRemoteSwiftPackageReference "SnapKit" */,
				7C18ECDC2BC6991B00F061DE /* XCRemoteSwiftPackageReference "Kingfisher" */,
				7C2AE0082BD51E4500DA2C1F /* XCRemoteSwiftPackageReference "RxDataSources" */,
				7CDCB95B2BE247F200A3ED55 /* XCRemoteSwiftPackageReference "RxGesture" */,
				7CCB4BC32BE3B8B600A96C7B /* XCRemoteSwiftPackageReference "IQKeyboardManager" */,
				7C9E2DF12BE4D86400FD81E3 /* XCRemoteSwiftPackageReference "MarqueeLabel" */,
				7CA35D7F2BE7522200E35AFA /* XCRemoteSwiftPackageReference "iamport-ios" */,
			);
			productRefGroup = 7C18EC902BC677F900F061DE /* Products */;
			projectDirPath = "";
			projectRoot = "";
			targets = (
				7C18EC8E2BC677F900F061DE /* SangbooSangzo */,
			);
		};
/* End PBXProject section */

/* Begin PBXResourcesBuildPhase section */
		7C18EC8D2BC677F900F061DE /* Resources */ = {
			isa = PBXResourcesBuildPhase;
			buildActionMask = 2147483647;
			files = (
				7C18EC9C2BC677FA00F061DE /* Assets.xcassets in Resources */,
				7C2AE0032BD515EE00DA2C1F /* Pretendard-Bold.otf in Resources */,
				7C18ECED2BC7F01400F061DE /* .gitignore in Resources */,
				7C2AE0072BD515EE00DA2C1F /* Pretendard-SemiBold.otf in Resources */,
				7C2AE0042BD515EE00DA2C1F /* Pretendard-Light.otf in Resources */,
				7C2AE0062BD515EE00DA2C1F /* Pretendard-Regular.otf in Resources */,
				7C18EC9F2BC677FA00F061DE /* Base in Resources */,
				7C2AE0052BD515EE00DA2C1F /* Pretendard-Medium.otf in Resources */,
			);
			runOnlyForDeploymentPostprocessing = 0;
		};
/* End PBXResourcesBuildPhase section */

/* Begin PBXSourcesBuildPhase section */
		7C18EC8B2BC677F900F061DE /* Sources */ = {
			isa = PBXSourcesBuildPhase;
			buildActionMask = 2147483647;
			files = (
				7C1C50272BCD02A50066CBCA /* LoginViewModel.swift in Sources */,
				7C1C50112BCCFE740066CBCA /* FeedViewModel.swift in Sources */,
				7CEFD0E62BDE33FD002583E9 /* ReadPostEntity.swift in Sources */,
				7C6AA5AE2BE2157E0048E42E /* MainTabCoordinator.swift in Sources */,
				7C0ADCBB2BC920CC002DAEA7 /* RefreshTokenResponse.swift in Sources */,
				7CCBCFAC2BCFCE1200B3641D /* FollowRouter.swift in Sources */,
				7CD29C912BCE9DBF00A45268 /* FeedCell.swift in Sources */,
				7CCBCF9C2BCFC79C00B3641D /* CommentsAPIService.swift in Sources */,
				7C1C50192BCCFF4F0066CBCA /* MapViewModel.swift in Sources */,
				7C2ADFF82BD3FEFB00DA2C1F /* UIImage+.swift in Sources */,
				7C18ECB82BC6799300F061DE /* RxBaseViewController.swift in Sources */,
				7C18ECE62BC699D300F061DE /* Coordinator.swift in Sources */,
				7C21F5F42BD2522400D52383 /* PostImageCell.swift in Sources */,
				7C0ADCB52BC92090002DAEA7 /* UserJoinEmailValidationResponse.swift in Sources */,
				7C1C50312BCD26E30066CBCA /* SignInViewController.swift in Sources */,
				7C21F5FB2BD28C5C00D52383 /* DetailFeedViewModel.swift in Sources */,
				7C9E2DF02BE4D54200FD81E3 /* APISetting.swift in Sources */,
				7C0ADCB12BC92067002DAEA7 /* UserJoinResponse.swift in Sources */,
				7C18ECC42BC67EC200F061DE /* UIView+.swift in Sources */,
				7C1C502D2BCD0B280066CBCA /* SSAnnotationView.swift in Sources */,
				7CCB4BBA2BE36F0100A96C7B /* ProfileEntity.swift in Sources */,
				7C0ADCB92BC920B4002DAEA7 /* LoginResponse.swift in Sources */,
				7CD29C982BCEA9C700A45268 /* PoseViewModel.swift in Sources */,
				7CD29C8F2BCE56EA00A45268 /* Toast.swift in Sources */,
				7CA35D842BE7533100E35AFA /* Payments.swift in Sources */,
				7C62A0B12BD62F9D00296BD7 /* ImageScrollView.swift in Sources */,
				7CCBCFB82BCFE18100B3641D /* ProfileResponse.swift in Sources */,
				7C1C50212BCD002B0066CBCA /* InfoViewModel.swift in Sources */,
				7C1C50132BCCFF1F0066CBCA /* MapCoordinator.swift in Sources */,
				7CCBCF962BCFBBAB00B3641D /* ReadPostsQuery.swift in Sources */,
				7CCBCFAF2BCFCF7900B3641D /* FollowResponse.swift in Sources */,
				7C18ECF12BC7F11B00F061DE /* HTTPHeader.swift in Sources */,
				7C2ADFFC2BD515D100DA2C1F /* SSFont.swift in Sources */,
				7CD29C962BCEA9B700A45268 /* PostViewController.swift in Sources */,
				7CCBCFB32BCFDED100B3641D /* ProfileRouter.swift in Sources */,
				7CA35D862BE7599700E35AFA /* PaymentsRouter.swift in Sources */,
				7C0ADCD02BC92BA9002DAEA7 /* UploadContentRequest.swift in Sources */,
				7C18ECEF2BC7F04100F061DE /* APIKey.swift in Sources */,
				7CA35D922BE75E8200E35AFA /* PaymentsAPIService.swift in Sources */,
				7CE9168A2BDBA21F007B1431 /* MainFeedBaseView.swift in Sources */,
				7CCB4BC22BE3A9D000A96C7B /* CommentViewModel.swift in Sources */,
				7C0ADCC62BC92647002DAEA7 /* PostsAPIService.swift in Sources */,
				7C18ECBE2BC679DD00F061DE /* Then+.swift in Sources */,
				7CA35D7E2BE6B33B00E35AFA /* CustomMarkerView.swift in Sources */,
				7C7D88582BE234F8005A06EB /* LikeEntity.swift in Sources */,
				7C21F5FD2BD28F1700D52383 /* KF+.swift in Sources */,
				7C0ADCC32BC92183002DAEA7 /* PostsRouter.swift in Sources */,
				7C0ADCCC2BC92B76002DAEA7 /* UploadImageResponse.swift in Sources */,
				7CEFD0E12BDE2D4F002583E9 /* PostRepository.swift in Sources */,
				7C21F5F22BD23E9A00D52383 /* Reactive+.swift in Sources */,
				7C9E2DED2BE4D4EC00FD81E3 /* SSConst.swift in Sources */,
				7C0ADCAF2BC9203D002DAEA7 /* UserJoinRequest.swift in Sources */,
				7C1C500B2BCCFE310066CBCA /* FeedCoordinator.swift in Sources */,
				7C1C501B2BCCFFC40066CBCA /* InfoCoordinator.swift in Sources */,
				7C2ADFFA2BD5150B00DA2C1F /* UserProfileView.swift in Sources */,
				7C1C502B2BCD0A980066CBCA /* SSAnnotation.swift in Sources */,
				7C7D88542BE22E8C005A06EB /* CommentRepository.swift in Sources */,
				7CCBCF9F2BCFC95D00B3641D /* PostCommentResponse.swift in Sources */,
				7C1C50332BCD26EA0066CBCA /* SignInViewModel.swift in Sources */,
				7C0ADCB32BC92077002DAEA7 /* UserJoinEmailValidationRequest.swift in Sources */,
				7CA35D942BE75F5300E35AFA /* PaymentsRepository.swift in Sources */,
				7C18ECF32BC7F57A00F061DE /* UserData.swift in Sources */,
				7C18ECFD2BC8056600F061DE /* LoginViewController.swift in Sources */,
				7CA35D902BE75E5900E35AFA /* PaymentsEntity.swift in Sources */,
				7C8EA1E72BD7E14400495981 /* SettingViewModel.swift in Sources */,
				7C6AA5B02BE229BF0048E42E /* CommentEntity.swift in Sources */,
				7C1C50232BCD028A0066CBCA /* AuthCoordinator.swift in Sources */,
				7C0ADCCE2BC92B85002DAEA7 /* UploadContentResponse.swift in Sources */,
				7C21F5F72BD28C1600D52383 /* DetailFeedViewController.swift in Sources */,
				7CA35D7C2BE6A65400E35AFA /* UserConnentView.swift in Sources */,
				7C418C3A2BE0E43A00583C5C /* DateFormatterManager.swift in Sources */,
				7C1C50172BCCFF2C0066CBCA /* MapViewController.swift in Sources */,
				7C18ECE42BC6998400F061DE /* UserRouter.swift in Sources */,
				7CFC8B042BD108AF00F713E1 /* MenuButton.swift in Sources */,
				7C18ECD62BC698A800F061DE /* UserDefaultsManager.swift in Sources */,
				7C18ECCB2BC697BF00F061DE /* RxBaseCollectionViewCell.swift in Sources */,
				7CEFD0E42BDE33C5002583E9 /* ContentEntity.swift in Sources */,
				7CA35D892BE75B1600E35AFA /* PaymentsRequest.swift in Sources */,
				7CCBCF982BCFBBFF00B3641D /* ReadPostsResponse.swift in Sources */,
				7C18ECBB2BC679AA00F061DE /* UserAPIManager.swift in Sources */,
				7CCBCFA52BCFCB6900B3641D /* LikeStatusResponse.swift in Sources */,
				7C1C500F2BCCFE5A0066CBCA /* FeedViewController.swift in Sources */,
				7C9E2DF82BE52A5900FD81E3 /* TitleView.swift in Sources */,
				7CCBCFB12BCFCFAD00B3641D /* FollowAPIService.swift in Sources */,
				7C92D6E42BD808010021AC66 /* EditProfileViewModel.swift in Sources */,
				7C8EA1EC2BD7E43000495981 /* BaseTableViewCell.swift in Sources */,
				7C92D6E92BD819C60021AC66 /* CommentCell.swift in Sources */,
				7CCBCFAA2BCFCD8600B3641D /* LikePostQuery.swift in Sources */,
				7CCBCF9A2BCFC67900B3641D /* CommentRouter.swift in Sources */,
				7C18ECFB2BC7FB7400F061DE /* WithdrawResponse.swift in Sources */,
				7CA35D8C2BE75BD500E35AFA /* PaymentsResponse.swift in Sources */,
				7CCBCFB52BCFE16600B3641D /* ProfileAPIService.swift in Sources */,
				7C0ADCC92BC92B52002DAEA7 /* UploadImageDatasRequest.swift in Sources */,
				7CCB4BC02BE3937900A96C7B /* CommentViewController.swift in Sources */,
				7CE916882BDB9938007B1431 /* MainFeedCellViewModel.swift in Sources */,
				7C2AE00D2BD56F9000DA2C1F /* FeedCellViewModel.swift in Sources */,
				7C92D6E22BD807E50021AC66 /* EditProfileViewController.swift in Sources */,
				7C0ADCB72BC920A2002DAEA7 /* LoginRequest.swift in Sources */,
				7C7D88562BE2344A005A06EB /* LikeRepository.swift in Sources */,
				7C92D6E72BD811FD0021AC66 /* ProfileEditRequest.swift in Sources */,
				7C1C50062BCCFDAE0066CBCA /* AppCoordinator.swift in Sources */,
				7C1C50292BCD062E0066CBCA /* UIColor+.swift in Sources */,
				7C18ECD12BC6982000F061DE /* ViewModel.swift in Sources */,
				7C0ADCD22BC93923002DAEA7 /* TokenInterceptor.swift in Sources */,
				7C6934E02BDD3BDE00CE7469 /* DetailFeedView.swift in Sources */,
				7C8EA1E92BD7E41400495981 /* SettingCell.swift in Sources */,
				7C1C501F2BCD000C0066CBCA /* InfoViewController.swift in Sources */,
				7CCB4BBD2BE37D3D00A96C7B /* ProfileRepository.swift in Sources */,
				7C18EC932BC677F900F061DE /* AppDelegate.swift in Sources */,
				7C18EC952BC677F900F061DE /* SceneDelegate.swift in Sources */,
				7CE9168C2BDBA31F007B1431 /* MapDetailViewController.swift in Sources */,
				7C92D6EE2BD911720021AC66 /* PaddingLabel.swift in Sources */,
				7C9E2DF62BE4DD5700FD81E3 /* LocationManager.swift in Sources */,
				7CE9168E2BDBA563007B1431 /* MapDetailViewModel.swift in Sources */,
				7C18ECE92BC69A6E00F061DE /* AlertBuilder.swift in Sources */,
				7C18ECC72BC6978500F061DE /* BaseView.swift in Sources */,
				7C8EA1E52BD7E12900495981 /* SettingViewController.swift in Sources */,
				7CCBCFA72BCFCB7800B3641D /* LikeAPIService.swift in Sources */,
				7CE916862BDB9921007B1431 /* MainFeedCell.swift in Sources */,
				7CCBCFA22BCFCA4200B3641D /* LikeRouter.swift in Sources */,
			);
			runOnlyForDeploymentPostprocessing = 0;
		};
/* End PBXSourcesBuildPhase section */

/* Begin PBXVariantGroup section */
		7C18EC9D2BC677FA00F061DE /* LaunchScreen.storyboard */ = {
			isa = PBXVariantGroup;
			children = (
				7C18EC9E2BC677FA00F061DE /* Base */,
			);
			name = LaunchScreen.storyboard;
			sourceTree = "<group>";
		};
/* End PBXVariantGroup section */

/* Begin XCBuildConfiguration section */
		7C18ECA12BC677FA00F061DE /* Debug */ = {
			isa = XCBuildConfiguration;
			buildSettings = {
				ALWAYS_SEARCH_USER_PATHS = NO;
				ASSETCATALOG_COMPILER_GENERATE_SWIFT_ASSET_SYMBOL_EXTENSIONS = YES;
				CLANG_ANALYZER_NONNULL = YES;
				CLANG_ANALYZER_NUMBER_OBJECT_CONVERSION = YES_AGGRESSIVE;
				CLANG_CXX_LANGUAGE_STANDARD = "gnu++20";
				CLANG_ENABLE_MODULES = YES;
				CLANG_ENABLE_OBJC_ARC = YES;
				CLANG_ENABLE_OBJC_WEAK = YES;
				CLANG_WARN_BLOCK_CAPTURE_AUTORELEASING = YES;
				CLANG_WARN_BOOL_CONVERSION = YES;
				CLANG_WARN_COMMA = YES;
				CLANG_WARN_CONSTANT_CONVERSION = YES;
				CLANG_WARN_DEPRECATED_OBJC_IMPLEMENTATIONS = YES;
				CLANG_WARN_DIRECT_OBJC_ISA_USAGE = YES_ERROR;
				CLANG_WARN_DOCUMENTATION_COMMENTS = YES;
				CLANG_WARN_EMPTY_BODY = YES;
				CLANG_WARN_ENUM_CONVERSION = YES;
				CLANG_WARN_INFINITE_RECURSION = YES;
				CLANG_WARN_INT_CONVERSION = YES;
				CLANG_WARN_NON_LITERAL_NULL_CONVERSION = YES;
				CLANG_WARN_OBJC_IMPLICIT_RETAIN_SELF = YES;
				CLANG_WARN_OBJC_LITERAL_CONVERSION = YES;
				CLANG_WARN_OBJC_ROOT_CLASS = YES_ERROR;
				CLANG_WARN_QUOTED_INCLUDE_IN_FRAMEWORK_HEADER = YES;
				CLANG_WARN_RANGE_LOOP_ANALYSIS = YES;
				CLANG_WARN_STRICT_PROTOTYPES = YES;
				CLANG_WARN_SUSPICIOUS_MOVE = YES;
				CLANG_WARN_UNGUARDED_AVAILABILITY = YES_AGGRESSIVE;
				CLANG_WARN_UNREACHABLE_CODE = YES;
				CLANG_WARN__DUPLICATE_METHOD_MATCH = YES;
				COPY_PHASE_STRIP = NO;
				DEBUG_INFORMATION_FORMAT = dwarf;
				ENABLE_STRICT_OBJC_MSGSEND = YES;
				ENABLE_TESTABILITY = YES;
				ENABLE_USER_SCRIPT_SANDBOXING = YES;
				GCC_C_LANGUAGE_STANDARD = gnu17;
				GCC_DYNAMIC_NO_PIC = NO;
				GCC_NO_COMMON_BLOCKS = YES;
				GCC_OPTIMIZATION_LEVEL = 0;
				GCC_PREPROCESSOR_DEFINITIONS = (
					"DEBUG=1",
					"$(inherited)",
				);
				GCC_WARN_64_TO_32_BIT_CONVERSION = YES;
				GCC_WARN_ABOUT_RETURN_TYPE = YES_ERROR;
				GCC_WARN_UNDECLARED_SELECTOR = YES;
				GCC_WARN_UNINITIALIZED_AUTOS = YES_AGGRESSIVE;
				GCC_WARN_UNUSED_FUNCTION = YES;
				GCC_WARN_UNUSED_VARIABLE = YES;
				IPHONEOS_DEPLOYMENT_TARGET = 15.0;
				LOCALIZATION_PREFERS_STRING_CATALOGS = YES;
				MTL_ENABLE_DEBUG_INFO = INCLUDE_SOURCE;
				MTL_FAST_MATH = YES;
				ONLY_ACTIVE_ARCH = YES;
				SDKROOT = iphoneos;
				SWIFT_ACTIVE_COMPILATION_CONDITIONS = "DEBUG $(inherited)";
				SWIFT_OPTIMIZATION_LEVEL = "-Onone";
			};
			name = Debug;
		};
		7C18ECA22BC677FA00F061DE /* Release */ = {
			isa = XCBuildConfiguration;
			buildSettings = {
				ALWAYS_SEARCH_USER_PATHS = NO;
				ASSETCATALOG_COMPILER_GENERATE_SWIFT_ASSET_SYMBOL_EXTENSIONS = YES;
				CLANG_ANALYZER_NONNULL = YES;
				CLANG_ANALYZER_NUMBER_OBJECT_CONVERSION = YES_AGGRESSIVE;
				CLANG_CXX_LANGUAGE_STANDARD = "gnu++20";
				CLANG_ENABLE_MODULES = YES;
				CLANG_ENABLE_OBJC_ARC = YES;
				CLANG_ENABLE_OBJC_WEAK = YES;
				CLANG_WARN_BLOCK_CAPTURE_AUTORELEASING = YES;
				CLANG_WARN_BOOL_CONVERSION = YES;
				CLANG_WARN_COMMA = YES;
				CLANG_WARN_CONSTANT_CONVERSION = YES;
				CLANG_WARN_DEPRECATED_OBJC_IMPLEMENTATIONS = YES;
				CLANG_WARN_DIRECT_OBJC_ISA_USAGE = YES_ERROR;
				CLANG_WARN_DOCUMENTATION_COMMENTS = YES;
				CLANG_WARN_EMPTY_BODY = YES;
				CLANG_WARN_ENUM_CONVERSION = YES;
				CLANG_WARN_INFINITE_RECURSION = YES;
				CLANG_WARN_INT_CONVERSION = YES;
				CLANG_WARN_NON_LITERAL_NULL_CONVERSION = YES;
				CLANG_WARN_OBJC_IMPLICIT_RETAIN_SELF = YES;
				CLANG_WARN_OBJC_LITERAL_CONVERSION = YES;
				CLANG_WARN_OBJC_ROOT_CLASS = YES_ERROR;
				CLANG_WARN_QUOTED_INCLUDE_IN_FRAMEWORK_HEADER = YES;
				CLANG_WARN_RANGE_LOOP_ANALYSIS = YES;
				CLANG_WARN_STRICT_PROTOTYPES = YES;
				CLANG_WARN_SUSPICIOUS_MOVE = YES;
				CLANG_WARN_UNGUARDED_AVAILABILITY = YES_AGGRESSIVE;
				CLANG_WARN_UNREACHABLE_CODE = YES;
				CLANG_WARN__DUPLICATE_METHOD_MATCH = YES;
				COPY_PHASE_STRIP = NO;
				DEBUG_INFORMATION_FORMAT = "dwarf-with-dsym";
				ENABLE_NS_ASSERTIONS = NO;
				ENABLE_STRICT_OBJC_MSGSEND = YES;
				ENABLE_USER_SCRIPT_SANDBOXING = YES;
				GCC_C_LANGUAGE_STANDARD = gnu17;
				GCC_NO_COMMON_BLOCKS = YES;
				GCC_WARN_64_TO_32_BIT_CONVERSION = YES;
				GCC_WARN_ABOUT_RETURN_TYPE = YES_ERROR;
				GCC_WARN_UNDECLARED_SELECTOR = YES;
				GCC_WARN_UNINITIALIZED_AUTOS = YES_AGGRESSIVE;
				GCC_WARN_UNUSED_FUNCTION = YES;
				GCC_WARN_UNUSED_VARIABLE = YES;
				IPHONEOS_DEPLOYMENT_TARGET = 15.0;
				LOCALIZATION_PREFERS_STRING_CATALOGS = YES;
				MTL_ENABLE_DEBUG_INFO = NO;
				MTL_FAST_MATH = YES;
				SDKROOT = iphoneos;
				SWIFT_COMPILATION_MODE = wholemodule;
				VALIDATE_PRODUCT = YES;
			};
			name = Release;
		};
		7C18ECA42BC677FA00F061DE /* Debug */ = {
			isa = XCBuildConfiguration;
			buildSettings = {
				ASSETCATALOG_COMPILER_APPICON_NAME = AppIcon;
				ASSETCATALOG_COMPILER_GLOBAL_ACCENT_COLOR_NAME = AccentColor;
				CODE_SIGN_STYLE = Automatic;
				CURRENT_PROJECT_VERSION = 1;
				DEVELOPMENT_TEAM = W6X76DS4Z7;
				GENERATE_INFOPLIST_FILE = YES;
				INFOPLIST_FILE = SangbooSangzo/Info.plist;
				INFOPLIST_KEY_NSLocationWhenInUseUsageDescription = "지도와 연동을 위해서 사용자의 위치 동의가 필요해요";
				INFOPLIST_KEY_UIApplicationSupportsIndirectInputEvents = YES;
				INFOPLIST_KEY_UILaunchStoryboardName = LaunchScreen;
				INFOPLIST_KEY_UISupportedInterfaceOrientations = UIInterfaceOrientationPortrait;
				INFOPLIST_KEY_UISupportedInterfaceOrientations_iPad = "UIInterfaceOrientationLandscapeLeft UIInterfaceOrientationLandscapeRight UIInterfaceOrientationPortrait UIInterfaceOrientationPortraitUpsideDown";
				IPHONEOS_DEPLOYMENT_TARGET = 15.0;
				LD_RUNPATH_SEARCH_PATHS = (
					"$(inherited)",
					"@executable_path/Frameworks",
				);
				MARKETING_VERSION = 1.0;
				PRODUCT_BUNDLE_IDENTIFIER = com.thekoon.SangbooSangzo;
				PRODUCT_NAME = "$(TARGET_NAME)";
				SUPPORTED_PLATFORMS = "iphoneos iphonesimulator";
				SUPPORTS_MACCATALYST = NO;
				SUPPORTS_MAC_DESIGNED_FOR_IPHONE_IPAD = NO;
				SUPPORTS_XR_DESIGNED_FOR_IPHONE_IPAD = NO;
				SWIFT_EMIT_LOC_STRINGS = YES;
				SWIFT_VERSION = 5.0;
				TARGETED_DEVICE_FAMILY = 1;
			};
			name = Debug;
		};
		7C18ECA52BC677FA00F061DE /* Release */ = {
			isa = XCBuildConfiguration;
			buildSettings = {
				ASSETCATALOG_COMPILER_APPICON_NAME = AppIcon;
				ASSETCATALOG_COMPILER_GLOBAL_ACCENT_COLOR_NAME = AccentColor;
				CODE_SIGN_STYLE = Automatic;
				CURRENT_PROJECT_VERSION = 1;
				DEVELOPMENT_TEAM = W6X76DS4Z7;
				GENERATE_INFOPLIST_FILE = YES;
				INFOPLIST_FILE = SangbooSangzo/Info.plist;
				INFOPLIST_KEY_NSLocationWhenInUseUsageDescription = "지도와 연동을 위해서 사용자의 위치 동의가 필요해요";
				INFOPLIST_KEY_UIApplicationSupportsIndirectInputEvents = YES;
				INFOPLIST_KEY_UILaunchStoryboardName = LaunchScreen;
				INFOPLIST_KEY_UISupportedInterfaceOrientations = UIInterfaceOrientationPortrait;
				INFOPLIST_KEY_UISupportedInterfaceOrientations_iPad = "UIInterfaceOrientationLandscapeLeft UIInterfaceOrientationLandscapeRight UIInterfaceOrientationPortrait UIInterfaceOrientationPortraitUpsideDown";
				IPHONEOS_DEPLOYMENT_TARGET = 15.0;
				LD_RUNPATH_SEARCH_PATHS = (
					"$(inherited)",
					"@executable_path/Frameworks",
				);
				MARKETING_VERSION = 1.0;
				PRODUCT_BUNDLE_IDENTIFIER = com.thekoon.SangbooSangzo;
				PRODUCT_NAME = "$(TARGET_NAME)";
				SUPPORTED_PLATFORMS = "iphoneos iphonesimulator";
				SUPPORTS_MACCATALYST = NO;
				SUPPORTS_MAC_DESIGNED_FOR_IPHONE_IPAD = NO;
				SUPPORTS_XR_DESIGNED_FOR_IPHONE_IPAD = NO;
				SWIFT_EMIT_LOC_STRINGS = YES;
				SWIFT_VERSION = 5.0;
				TARGETED_DEVICE_FAMILY = 1;
			};
			name = Release;
		};
/* End XCBuildConfiguration section */

/* Begin XCConfigurationList section */
		7C18EC8A2BC677F900F061DE /* Build configuration list for PBXProject "SangbooSangzo" */ = {
			isa = XCConfigurationList;
			buildConfigurations = (
				7C18ECA12BC677FA00F061DE /* Debug */,
				7C18ECA22BC677FA00F061DE /* Release */,
			);
			defaultConfigurationIsVisible = 0;
			defaultConfigurationName = Release;
		};
		7C18ECA32BC677FA00F061DE /* Build configuration list for PBXNativeTarget "SangbooSangzo" */ = {
			isa = XCConfigurationList;
			buildConfigurations = (
				7C18ECA42BC677FA00F061DE /* Debug */,
				7C18ECA52BC677FA00F061DE /* Release */,
			);
			defaultConfigurationIsVisible = 0;
			defaultConfigurationName = Release;
		};
/* End XCConfigurationList section */

/* Begin XCRemoteSwiftPackageReference section */
		7C18ECA62BC6790600F061DE /* XCRemoteSwiftPackageReference "RxSwift" */ = {
			isa = XCRemoteSwiftPackageReference;
			repositoryURL = "https://github.com/ReactiveX/RxSwift";
			requirement = {
				kind = upToNextMajorVersion;
				minimumVersion = 6.6.0;
			};
		};
		7C18ECAB2BC6792600F061DE /* XCRemoteSwiftPackageReference "Moya" */ = {
			isa = XCRemoteSwiftPackageReference;
			repositoryURL = "https://github.com/Moya/Moya";
			requirement = {
				kind = upToNextMajorVersion;
				minimumVersion = 15.0.3;
			};
		};
		7C18ECD92BC6990E00F061DE /* XCRemoteSwiftPackageReference "SnapKit" */ = {
			isa = XCRemoteSwiftPackageReference;
			repositoryURL = "https://github.com/SnapKit/SnapKit";
			requirement = {
				kind = upToNextMajorVersion;
				minimumVersion = 5.7.1;
			};
		};
		7C18ECDC2BC6991B00F061DE /* XCRemoteSwiftPackageReference "Kingfisher" */ = {
			isa = XCRemoteSwiftPackageReference;
			repositoryURL = "https://github.com/onevcat/Kingfisher";
			requirement = {
				kind = upToNextMajorVersion;
				minimumVersion = 7.11.0;
			};
		};
		7C2AE0082BD51E4500DA2C1F /* XCRemoteSwiftPackageReference "RxDataSources" */ = {
			isa = XCRemoteSwiftPackageReference;
			repositoryURL = "https://github.com/RxSwiftCommunity/RxDataSources.git";
			requirement = {
				kind = upToNextMajorVersion;
				minimumVersion = 5.0.2;
			};
		};
		7C9E2DF12BE4D86400FD81E3 /* XCRemoteSwiftPackageReference "MarqueeLabel" */ = {
			isa = XCRemoteSwiftPackageReference;
			repositoryURL = "https://github.com/cbpowell/MarqueeLabel";
			requirement = {
				kind = upToNextMajorVersion;
				minimumVersion = 4.5.0;
			};
		};
		7CA35D7F2BE7522200E35AFA /* XCRemoteSwiftPackageReference "iamport-ios" */ = {
			isa = XCRemoteSwiftPackageReference;
			repositoryURL = "https://github.com/iamport/iamport-ios.git";
			requirement = {
				kind = upToNextMajorVersion;
				minimumVersion = 1.4.1;
			};
		};
		7CCB4BC32BE3B8B600A96C7B /* XCRemoteSwiftPackageReference "IQKeyboardManager" */ = {
			isa = XCRemoteSwiftPackageReference;
			repositoryURL = "https://github.com/hackiftekhar/IQKeyboardManager";
			requirement = {
				kind = upToNextMajorVersion;
				minimumVersion = 7.0.2;
			};
		};
		7CDCB95B2BE247F200A3ED55 /* XCRemoteSwiftPackageReference "RxGesture" */ = {
			isa = XCRemoteSwiftPackageReference;
			repositoryURL = "https://github.com/RxSwiftCommunity/RxGesture.git";
			requirement = {
				kind = upToNextMajorVersion;
				minimumVersion = 4.0.4;
			};
		};
/* End XCRemoteSwiftPackageReference section */

/* Begin XCSwiftPackageProductDependency section */
		7C18ECA72BC6790600F061DE /* RxCocoa */ = {
			isa = XCSwiftPackageProductDependency;
			package = 7C18ECA62BC6790600F061DE /* XCRemoteSwiftPackageReference "RxSwift" */;
			productName = RxCocoa;
		};
		7C18ECA92BC6790600F061DE /* RxSwift */ = {
			isa = XCSwiftPackageProductDependency;
			package = 7C18ECA62BC6790600F061DE /* XCRemoteSwiftPackageReference "RxSwift" */;
			productName = RxSwift;
		};
		7C18ECAC2BC6792600F061DE /* Moya */ = {
			isa = XCSwiftPackageProductDependency;
			package = 7C18ECAB2BC6792600F061DE /* XCRemoteSwiftPackageReference "Moya" */;
			productName = Moya;
		};
		7C18ECAE2BC6792600F061DE /* RxMoya */ = {
			isa = XCSwiftPackageProductDependency;
			package = 7C18ECAB2BC6792600F061DE /* XCRemoteSwiftPackageReference "Moya" */;
			productName = RxMoya;
		};
		7C18ECDA2BC6990E00F061DE /* SnapKit */ = {
			isa = XCSwiftPackageProductDependency;
			package = 7C18ECD92BC6990E00F061DE /* XCRemoteSwiftPackageReference "SnapKit" */;
			productName = SnapKit;
		};
		7C18ECDD2BC6991B00F061DE /* Kingfisher */ = {
			isa = XCSwiftPackageProductDependency;
			package = 7C18ECDC2BC6991B00F061DE /* XCRemoteSwiftPackageReference "Kingfisher" */;
			productName = Kingfisher;
		};
		7C2AE0092BD51E4500DA2C1F /* RxDataSources */ = {
			isa = XCSwiftPackageProductDependency;
			package = 7C2AE0082BD51E4500DA2C1F /* XCRemoteSwiftPackageReference "RxDataSources" */;
			productName = RxDataSources;
		};
		7C9E2DF22BE4D86400FD81E3 /* MarqueeLabel */ = {
			isa = XCSwiftPackageProductDependency;
			package = 7C9E2DF12BE4D86400FD81E3 /* XCRemoteSwiftPackageReference "MarqueeLabel" */;
			productName = MarqueeLabel;
		};
		7CA35D802BE7522200E35AFA /* iamport-ios */ = {
			isa = XCSwiftPackageProductDependency;
			package = 7CA35D7F2BE7522200E35AFA /* XCRemoteSwiftPackageReference "iamport-ios" */;
			productName = "iamport-ios";
		};
		7CCB4BC42BE3B8B700A96C7B /* IQKeyboardManagerSwift */ = {
			isa = XCSwiftPackageProductDependency;
			package = 7CCB4BC32BE3B8B600A96C7B /* XCRemoteSwiftPackageReference "IQKeyboardManager" */;
			productName = IQKeyboardManagerSwift;
		};
		7CDCB95C2BE247F200A3ED55 /* RxGesture */ = {
			isa = XCSwiftPackageProductDependency;
			package = 7CDCB95B2BE247F200A3ED55 /* XCRemoteSwiftPackageReference "RxGesture" */;
			productName = RxGesture;
		};
/* End XCSwiftPackageProductDependency section */
	};
	rootObject = 7C18EC872BC677F900F061DE /* Project object */;
}
